PODS:
  - CocoaLumberjack (2.0.0-beta2):
    - CocoaLumberjack/CLI
    - CocoaLumberjack/Core
    - CocoaLumberjack/Extensions
  - CocoaLumberjack/CLI (2.0.0-beta2):
    - CocoaLumberjack/Core
  - CocoaLumberjack/Core (2.0.0-beta2)
  - CocoaLumberjack/Extensions (2.0.0-beta2):
    - CocoaLumberjack/Core
  - FlurrySDK (5.3.0):
    - FlurrySDK/FlurrySDK
  - FlurrySDK/FlurrySDK (5.3.0)
  - KissXML (5.0)

DEPENDENCIES:
  - CocoaLumberjack (= 2.0.0-beta2)
  - FlurrySDK
  - KissXML

SPEC CHECKSUMS:
  CocoaLumberjack: 956d3fb98fed498a13d56499f262c975ef431c98
  FlurrySDK: e1142ae33e294f8307bd6d2209cc082e79b66e90
  KissXML: e537c38b18ede903ee6de45953a9bd86c131ebe9

COCOAPODS: 0.33.1
