// !$*UTF8*$!
{
	archiveVersion = 1;
	classes = {
	};
	objectVersion = 46;
	objects = {

/* Begin PBXBuildFile section */
		222951C713EC496F001D174D /* UIKit.framework in Frameworks */ = {isa = PBXBuildFile; fileRef = 222951C613EC496F001D174D /* UIKit.framework */; };
		222951C913EC496F001D174D /* Foundation.framework in Frameworks */ = {isa = PBXBuildFile; fileRef = 222951C813EC496F001D174D /* Foundation.framework */; };
		222951CB13EC496F001D174D /* CoreGraphics.framework in Frameworks */ = {isa = PBXBuildFile; fileRef = 222951CA13EC496F001D174D /* CoreGraphics.framework */; };
		222951D113EC496F001D174D /* InfoPlist.strings in Resources */ = {isa = PBXBuildFile; fileRef = 222951CF13EC496F001D174D /* InfoPlist.strings */; };
		222951D313EC496F001D174D /* main.m in Sources */ = {isa = PBXBuildFile; fileRef = 222951D213EC496F001D174D /* main.m */; };
		222951D713EC496F001D174D /* TouchAppAppDelegate.m in Sources */ = {isa = PBXBuildFile; fileRef = 222951D613EC496F001D174D /* TouchAppAppDelegate.m */; };
		222951DA13EC496F001D174D /* MainWindow.xib in Resources */ = {isa = PBXBuildFile; fileRef = 222951D813EC496F001D174D /* MainWindow.xib */; };
		222951F513EC4B5D001D174D /* CatalogueViewController.m in Sources */ = {isa = PBXBuildFile; fileRef = 222951F313EC4B5D001D174D /* CatalogueViewController.m */; };
		222951F613EC4B5D001D174D /* CatalogueViewController.xib in Resources */ = {isa = PBXBuildFile; fileRef = 222951F413EC4B5D001D174D /* CatalogueViewController.xib */; };
		2229523713ECEA76001D174D /* Default-Portrait~ipad.png in Resources */ = {isa = PBXBuildFile; fileRef = 2229523113ECEA76001D174D /* Default-Portrait~ipad.png */; };
		2229523813ECEA76001D174D /* Default.png in Resources */ = {isa = PBXBuildFile; fileRef = 2229523213ECEA76001D174D /* Default.png */; };
		2229523913ECEA76001D174D /* Default@2x.png in Resources */ = {isa = PBXBuildFile; fileRef = 2229523313ECEA76001D174D /* Default@2x.png */; };
		2229523A13ECEA76001D174D /* Icon-72.png in Resources */ = {isa = PBXBuildFile; fileRef = 2229523413ECEA76001D174D /* Icon-72.png */; };
		2229523B13ECEA76001D174D /* Icon.png in Resources */ = {isa = PBXBuildFile; fileRef = 2229523513ECEA76001D174D /* Icon.png */; };
		2229523C13ECEA76001D174D /* Icon@2x.png in Resources */ = {isa = PBXBuildFile; fileRef = 2229523613ECEA76001D174D /* Icon@2x.png */; };
		2229524413ECEC0B001D174D /* NewsViewController.m in Sources */ = {isa = PBXBuildFile; fileRef = 2229524213ECEC0B001D174D /* NewsViewController.m */; };
		2229524513ECEC0B001D174D /* NewsViewController.xib in Resources */ = {isa = PBXBuildFile; fileRef = 2229524313ECEC0B001D174D /* NewsViewController.xib */; };
		2229526413ECEFB2001D174D /* go.png in Resources */ = {isa = PBXBuildFile; fileRef = 2229526313ECEFB2001D174D /* go.png */; };
		2229526F13ECEFF7001D174D /* catalog@2x.png in Resources */ = {isa = PBXBuildFile; fileRef = 2229526513ECEFF7001D174D /* catalog@2x.png */; };
		2229527013ECEFF7001D174D /* images@2x.png in Resources */ = {isa = PBXBuildFile; fileRef = 2229526613ECEFF7001D174D /* images@2x.png */; };
		2229527113ECEFF7001D174D /* news@2x.png in Resources */ = {isa = PBXBuildFile; fileRef = 2229526713ECEFF7001D174D /* news@2x.png */; };
		2229527213ECEFF7001D174D /* radio@2x.png in Resources */ = {isa = PBXBuildFile; fileRef = 2229526813ECEFF7001D174D /* radio@2x.png */; };
		2229527313ECEFF7001D174D /* recipes@2x.png in Resources */ = {isa = PBXBuildFile; fileRef = 2229526913ECEFF7001D174D /* recipes@2x.png */; };
		2229527413ECEFF7001D174D /* catalog.png in Resources */ = {isa = PBXBuildFile; fileRef = 2229526A13ECEFF7001D174D /* catalog.png */; };
		2229527513ECEFF7001D174D /* images.png in Resources */ = {isa = PBXBuildFile; fileRef = 2229526B13ECEFF7001D174D /* images.png */; };
		2229527613ECEFF7001D174D /* news.png in Resources */ = {isa = PBXBuildFile; fileRef = 2229526C13ECEFF7001D174D /* news.png */; };
		2229527713ECEFF7001D174D /* radio.png in Resources */ = {isa = PBXBuildFile; fileRef = 2229526D13ECEFF7001D174D /* radio.png */; };
		2229527813ECEFF7001D174D /* recipes.png in Resources */ = {isa = PBXBuildFile; fileRef = 2229526E13ECEFF7001D174D /* recipes.png */; };
		2229528913ECF0E6001D174D /* catalog-nav-iPad.png in Resources */ = {isa = PBXBuildFile; fileRef = 2229527A13ECF0E6001D174D /* catalog-nav-iPad.png */; };
		2229528A13ECF0E6001D174D /* images-nav-iPad.png in Resources */ = {isa = PBXBuildFile; fileRef = 2229527B13ECF0E6001D174D /* images-nav-iPad.png */; };
		2229528B13ECF0E6001D174D /* news-nav-iPad.png in Resources */ = {isa = PBXBuildFile; fileRef = 2229527C13ECF0E6001D174D /* news-nav-iPad.png */; };
		2229528C13ECF0E6001D174D /* radio-nav-iPad.png in Resources */ = {isa = PBXBuildFile; fileRef = 2229527D13ECF0E6001D174D /* radio-nav-iPad.png */; };
		2229528D13ECF0E6001D174D /* recipes-nav-iPad.png in Resources */ = {isa = PBXBuildFile; fileRef = 2229527E13ECF0E6001D174D /* recipes-nav-iPad.png */; };
		2229528E13ECF0E6001D174D /* catalog-nav.png in Resources */ = {isa = PBXBuildFile; fileRef = 2229527F13ECF0E6001D174D /* catalog-nav.png */; };
		2229528F13ECF0E6001D174D /* catalog-nav@2x.png in Resources */ = {isa = PBXBuildFile; fileRef = 2229528013ECF0E6001D174D /* catalog-nav@2x.png */; };
		2229529013ECF0E6001D174D /* images-nav.png in Resources */ = {isa = PBXBuildFile; fileRef = 2229528113ECF0E6001D174D /* images-nav.png */; };
		2229529113ECF0E6001D174D /* images-nav@2x.png in Resources */ = {isa = PBXBuildFile; fileRef = 2229528213ECF0E6001D174D /* images-nav@2x.png */; };
		2229529213ECF0E6001D174D /* news-nav.png in Resources */ = {isa = PBXBuildFile; fileRef = 2229528313ECF0E6001D174D /* news-nav.png */; };
		2229529313ECF0E6001D174D /* news-nav@2x.png in Resources */ = {isa = PBXBuildFile; fileRef = 2229528413ECF0E6001D174D /* news-nav@2x.png */; };
		2229529413ECF0E6001D174D /* radio-nav.png in Resources */ = {isa = PBXBuildFile; fileRef = 2229528513ECF0E6001D174D /* radio-nav.png */; };
		2229529513ECF0E6001D174D /* radio-nav@2x.png in Resources */ = {isa = PBXBuildFile; fileRef = 2229528613ECF0E6001D174D /* radio-nav@2x.png */; };
		2229529613ECF0E6001D174D /* recipes-nav.png in Resources */ = {isa = PBXBuildFile; fileRef = 2229528713ECF0E6001D174D /* recipes-nav.png */; };
		2229529713ECF0E6001D174D /* recipes-nav@2x.png in Resources */ = {isa = PBXBuildFile; fileRef = 2229528813ECF0E6001D174D /* recipes-nav@2x.png */; };
		2229529913ECFC96001D174D /* QuartzCore.framework in Frameworks */ = {isa = PBXBuildFile; fileRef = 2229529813ECFC96001D174D /* QuartzCore.framework */; };
		222952B713ECFFE1001D174D /* catalogue-banner~iphone.png in Resources */ = {isa = PBXBuildFile; fileRef = 222952AF13ECFFE1001D174D /* catalogue-banner~iphone.png */; };
		222952B813ECFFE1001D174D /* catalogue-banner~ipad.png in Resources */ = {isa = PBXBuildFile; fileRef = 222952B013ECFFE1001D174D /* catalogue-banner~ipad.png */; };
		222952B913ECFFE1001D174D /* radio-banner~iphone.png in Resources */ = {isa = PBXBuildFile; fileRef = 222952B113ECFFE1001D174D /* radio-banner~iphone.png */; };
		222952BA13ECFFE1001D174D /* radio-banner~ipad.png in Resources */ = {isa = PBXBuildFile; fileRef = 222952B213ECFFE1001D174D /* radio-banner~ipad.png */; };
		222952BB13ECFFE1001D174D /* harvest~ipad.png in Resources */ = {isa = PBXBuildFile; fileRef = 222952B313ECFFE1001D174D /* harvest~ipad.png */; };
		222952BC13ECFFE1001D174D /* harvest~iphone.png in Resources */ = {isa = PBXBuildFile; fileRef = 222952B413ECFFE1001D174D /* harvest~iphone.png */; };
		222952BD13ECFFE1001D174D /* newport-pylons~ipad.png in Resources */ = {isa = PBXBuildFile; fileRef = 222952B513ECFFE1001D174D /* newport-pylons~ipad.png */; };
		222952BE13ECFFE1001D174D /* newport-pylons~iphone.png in Resources */ = {isa = PBXBuildFile; fileRef = 222952B613ECFFE1001D174D /* newport-pylons~iphone.png */; };
/* End PBXBuildFile section */

/* Begin PBXFileReference section */
		222951C213EC496F001D174D /* TouchApp.app */ = {isa = PBXFileReference; explicitFileType = wrapper.application; includeInIndex = 0; path = TouchApp.app; sourceTree = BUILT_PRODUCTS_DIR; };
		222951C613EC496F001D174D /* UIKit.framework */ = {isa = PBXFileReference; lastKnownFileType = wrapper.framework; name = UIKit.framework; path = System/Library/Frameworks/UIKit.framework; sourceTree = SDKROOT; };
		222951C813EC496F001D174D /* Foundation.framework */ = {isa = PBXFileReference; lastKnownFileType = wrapper.framework; name = Foundation.framework; path = System/Library/Frameworks/Foundation.framework; sourceTree = SDKROOT; };
		222951CA13EC496F001D174D /* CoreGraphics.framework */ = {isa = PBXFileReference; lastKnownFileType = wrapper.framework; name = CoreGraphics.framework; path = System/Library/Frameworks/CoreGraphics.framework; sourceTree = SDKROOT; };
		222951CE13EC496F001D174D /* TouchApp-Info.plist */ = {isa = PBXFileReference; lastKnownFileType = text.plist.xml; path = "TouchApp-Info.plist"; sourceTree = "<group>"; };
		222951D013EC496F001D174D /* en */ = {isa = PBXFileReference; lastKnownFileType = text.plist.strings; name = en; path = en.lproj/InfoPlist.strings; sourceTree = "<group>"; };
		222951D213EC496F001D174D /* main.m */ = {isa = PBXFileReference; lastKnownFileType = sourcecode.c.objc; path = main.m; sourceTree = "<group>"; };
		222951D413EC496F001D174D /* TouchApp-Prefix.pch */ = {isa = PBXFileReference; lastKnownFileType = sourcecode.c.h; path = "TouchApp-Prefix.pch"; sourceTree = "<group>"; };
		222951D513EC496F001D174D /* TouchAppAppDelegate.h */ = {isa = PBXFileReference; lastKnownFileType = sourcecode.c.h; path = TouchAppAppDelegate.h; sourceTree = "<group>"; };
		222951D613EC496F001D174D /* TouchAppAppDelegate.m */ = {isa = PBXFileReference; lastKnownFileType = sourcecode.c.objc; path = TouchAppAppDelegate.m; sourceTree = "<group>"; };
		222951D913EC496F001D174D /* en */ = {isa = PBXFileReference; lastKnownFileType = file.xib; name = en; path = en.lproj/MainWindow.xib; sourceTree = "<group>"; };
		222951F213EC4B5D001D174D /* CatalogueViewController.h */ = {isa = PBXFileReference; fileEncoding = 4; lastKnownFileType = sourcecode.c.h; path = CatalogueViewController.h; sourceTree = "<group>"; };
		222951F313EC4B5D001D174D /* CatalogueViewController.m */ = {isa = PBXFileReference; fileEncoding = 4; lastKnownFileType = sourcecode.c.objc; path = CatalogueViewController.m; sourceTree = "<group>"; };
		222951F413EC4B5D001D174D /* CatalogueViewController.xib */ = {isa = PBXFileReference; fileEncoding = 4; lastKnownFileType = file.xib; path = CatalogueViewController.xib; sourceTree = "<group>"; };
		2229523113ECEA76001D174D /* Default-Portrait~ipad.png */ = {isa = PBXFileReference; lastKnownFileType = image.png; path = "Default-Portrait~ipad.png"; sourceTree = "<group>"; };
		2229523213ECEA76001D174D /* Default.png */ = {isa = PBXFileReference; lastKnownFileType = image.png; path = Default.png; sourceTree = "<group>"; };
		2229523313ECEA76001D174D /* Default@2x.png */ = {isa = PBXFileReference; lastKnownFileType = image.png; path = "Default@2x.png"; sourceTree = "<group>"; };
		2229523413ECEA76001D174D /* Icon-72.png */ = {isa = PBXFileReference; lastKnownFileType = image.png; path = "Icon-72.png"; sourceTree = "<group>"; };
		2229523513ECEA76001D174D /* Icon.png */ = {isa = PBXFileReference; lastKnownFileType = image.png; path = Icon.png; sourceTree = "<group>"; };
		2229523613ECEA76001D174D /* Icon@2x.png */ = {isa = PBXFileReference; lastKnownFileType = image.png; path = "Icon@2x.png"; sourceTree = "<group>"; };
		2229524113ECEC0B001D174D /* NewsViewController.h */ = {isa = PBXFileReference; fileEncoding = 4; lastKnownFileType = sourcecode.c.h; path = NewsViewController.h; sourceTree = "<group>"; };
		2229524213ECEC0B001D174D /* NewsViewController.m */ = {isa = PBXFileReference; fileEncoding = 4; lastKnownFileType = sourcecode.c.objc; path = NewsViewController.m; sourceTree = "<group>"; };
		2229524313ECEC0B001D174D /* NewsViewController.xib */ = {isa = PBXFileReference; fileEncoding = 4; lastKnownFileType = file.xib; path = NewsViewController.xib; sourceTree = "<group>"; };
		2229526313ECEFB2001D174D /* go.png */ = {isa = PBXFileReference; lastKnownFileType = image.png; path = go.png; sourceTree = "<group>"; };
		2229526513ECEFF7001D174D /* catalog@2x.png */ = {isa = PBXFileReference; lastKnownFileType = image.png; path = "catalog@2x.png"; sourceTree = "<group>"; };
		2229526613ECEFF7001D174D /* images@2x.png */ = {isa = PBXFileReference; lastKnownFileType = image.png; path = "images@2x.png"; sourceTree = "<group>"; };
		2229526713ECEFF7001D174D /* news@2x.png */ = {isa = PBXFileReference; lastKnownFileType = image.png; path = "news@2x.png"; sourceTree = "<group>"; };
		2229526813ECEFF7001D174D /* radio@2x.png */ = {isa = PBXFileReference; lastKnownFileType = image.png; path = "radio@2x.png"; sourceTree = "<group>"; };
		2229526913ECEFF7001D174D /* recipes@2x.png */ = {isa = PBXFileReference; lastKnownFileType = image.png; path = "recipes@2x.png"; sourceTree = "<group>"; };
		2229526A13ECEFF7001D174D /* catalog.png */ = {isa = PBXFileReference; lastKnownFileType = image.png; path = catalog.png; sourceTree = "<group>"; };
		2229526B13ECEFF7001D174D /* images.png */ = {isa = PBXFileReference; lastKnownFileType = image.png; path = images.png; sourceTree = "<group>"; };
		2229526C13ECEFF7001D174D /* news.png */ = {isa = PBXFileReference; lastKnownFileType = image.png; path = news.png; sourceTree = "<group>"; };
		2229526D13ECEFF7001D174D /* radio.png */ = {isa = PBXFileReference; lastKnownFileType = image.png; path = radio.png; sourceTree = "<group>"; };
		2229526E13ECEFF7001D174D /* recipes.png */ = {isa = PBXFileReference; lastKnownFileType = image.png; path = recipes.png; sourceTree = "<group>"; };
		2229527A13ECF0E6001D174D /* catalog-nav-iPad.png */ = {isa = PBXFileReference; lastKnownFileType = image.png; path = "catalog-nav-iPad.png"; sourceTree = "<group>"; };
		2229527B13ECF0E6001D174D /* images-nav-iPad.png */ = {isa = PBXFileReference; lastKnownFileType = image.png; path = "images-nav-iPad.png"; sourceTree = "<group>"; };
		2229527C13ECF0E6001D174D /* news-nav-iPad.png */ = {isa = PBXFileReference; lastKnownFileType = image.png; path = "news-nav-iPad.png"; sourceTree = "<group>"; };
		2229527D13ECF0E6001D174D /* radio-nav-iPad.png */ = {isa = PBXFileReference; lastKnownFileType = image.png; path = "radio-nav-iPad.png"; sourceTree = "<group>"; };
		2229527E13ECF0E6001D174D /* recipes-nav-iPad.png */ = {isa = PBXFileReference; lastKnownFileType = image.png; path = "recipes-nav-iPad.png"; sourceTree = "<group>"; };
		2229527F13ECF0E6001D174D /* catalog-nav.png */ = {isa = PBXFileReference; lastKnownFileType = image.png; path = "catalog-nav.png"; sourceTree = "<group>"; };
		2229528013ECF0E6001D174D /* catalog-nav@2x.png */ = {isa = PBXFileReference; lastKnownFileType = image.png; path = "catalog-nav@2x.png"; sourceTree = "<group>"; };
		2229528113ECF0E6001D174D /* images-nav.png */ = {isa = PBXFileReference; lastKnownFileType = image.png; path = "images-nav.png"; sourceTree = "<group>"; };
		2229528213ECF0E6001D174D /* images-nav@2x.png */ = {isa = PBXFileReference; lastKnownFileType = image.png; path = "images-nav@2x.png"; sourceTree = "<group>"; };
		2229528313ECF0E6001D174D /* news-nav.png */ = {isa = PBXFileReference; lastKnownFileType = image.png; path = "news-nav.png"; sourceTree = "<group>"; };
		2229528413ECF0E6001D174D /* news-nav@2x.png */ = {isa = PBXFileReference; lastKnownFileType = image.png; path = "news-nav@2x.png"; sourceTree = "<group>"; };
		2229528513ECF0E6001D174D /* radio-nav.png */ = {isa = PBXFileReference; lastKnownFileType = image.png; path = "radio-nav.png"; sourceTree = "<group>"; };
		2229528613ECF0E6001D174D /* radio-nav@2x.png */ = {isa = PBXFileReference; lastKnownFileType = image.png; path = "radio-nav@2x.png"; sourceTree = "<group>"; };
		2229528713ECF0E6001D174D /* recipes-nav.png */ = {isa = PBXFileReference; lastKnownFileType = image.png; path = "recipes-nav.png"; sourceTree = "<group>"; };
		2229528813ECF0E6001D174D /* recipes-nav@2x.png */ = {isa = PBXFileReference; lastKnownFileType = image.png; path = "recipes-nav@2x.png"; sourceTree = "<group>"; };
		2229529813ECFC96001D174D /* QuartzCore.framework */ = {isa = PBXFileReference; lastKnownFileType = wrapper.framework; name = QuartzCore.framework; path = System/Library/Frameworks/QuartzCore.framework; sourceTree = SDKROOT; };
		222952AF13ECFFE1001D174D /* catalogue-banner~iphone.png */ = {isa = PBXFileReference; lastKnownFileType = image.png; path = "catalogue-banner~iphone.png"; sourceTree = "<group>"; };
		222952B013ECFFE1001D174D /* catalogue-banner~ipad.png */ = {isa = PBXFileReference; lastKnownFileType = image.png; path = "catalogue-banner~ipad.png"; sourceTree = "<group>"; };
		222952B113ECFFE1001D174D /* radio-banner~iphone.png */ = {isa = PBXFileReference; lastKnownFileType = image.png; path = "radio-banner~iphone.png"; sourceTree = "<group>"; };
		222952B213ECFFE1001D174D /* radio-banner~ipad.png */ = {isa = PBXFileReference; lastKnownFileType = image.png; path = "radio-banner~ipad.png"; sourceTree = "<group>"; };
		222952B313ECFFE1001D174D /* harvest~ipad.png */ = {isa = PBXFileReference; lastKnownFileType = image.png; path = "harvest~ipad.png"; sourceTree = "<group>"; };
		222952B413ECFFE1001D174D /* harvest~iphone.png */ = {isa = PBXFileReference; lastKnownFileType = image.png; path = "harvest~iphone.png"; sourceTree = "<group>"; };
		222952B513ECFFE1001D174D /* newport-pylons~ipad.png */ = {isa = PBXFileReference; lastKnownFileType = image.png; path = "newport-pylons~ipad.png"; sourceTree = "<group>"; };
		222952B613ECFFE1001D174D /* newport-pylons~iphone.png */ = {isa = PBXFileReference; lastKnownFileType = image.png; path = "newport-pylons~iphone.png"; sourceTree = "<group>"; };
/* End PBXFileReference section */

/* Begin PBXFrameworksBuildPhase section */
		222951BF13EC496F001D174D /* Frameworks */ = {
			isa = PBXFrameworksBuildPhase;
			buildActionMask = 2147483647;
			files = (
				2229529913ECFC96001D174D /* QuartzCore.framework in Frameworks */,
				222951C713EC496F001D174D /* UIKit.framework in Frameworks */,
				222951C913EC496F001D174D /* Foundation.framework in Frameworks */,
				222951CB13EC496F001D174D /* CoreGraphics.framework in Frameworks */,
			);
			runOnlyForDeploymentPostprocessing = 0;
		};
/* End PBXFrameworksBuildPhase section */

/* Begin PBXGroup section */
		222951B713EC496F001D174D = {
			isa = PBXGroup;
			children = (
				2229529813ECFC96001D174D /* QuartzCore.framework */,
				222951CC13EC496F001D174D /* TouchApp */,
				222951C513EC496F001D174D /* Frameworks */,
				222951C313EC496F001D174D /* Products */,
			);
			sourceTree = "<group>";
		};
		222951C313EC496F001D174D /* Products */ = {
			isa = PBXGroup;
			children = (
				222951C213EC496F001D174D /* TouchApp.app */,
			);
			name = Products;
			sourceTree = "<group>";
		};
		222951C513EC496F001D174D /* Frameworks */ = {
			isa = PBXGroup;
			children = (
				222951C613EC496F001D174D /* UIKit.framework */,
				222951C813EC496F001D174D /* Foundation.framework */,
				222951CA13EC496F001D174D /* CoreGraphics.framework */,
			);
			name = Frameworks;
			sourceTree = "<group>";
		};
		222951CC13EC496F001D174D /* TouchApp */ = {
			isa = PBXGroup;
			children = (
				222951D513EC496F001D174D /* TouchAppAppDelegate.h */,
				222951D613EC496F001D174D /* TouchAppAppDelegate.m */,
				222951D813EC496F001D174D /* MainWindow.xib */,
				222951F113EC49F2001D174D /* controllers */,
				222951CD13EC496F001D174D /* Supporting Files */,
				2229523013ECEA5E001D174D /* gfx */,
			);
			path = TouchApp;
			sourceTree = "<group>";
		};
		222951CD13EC496F001D174D /* Supporting Files */ = {
			isa = PBXGroup;
			children = (
				222951CE13EC496F001D174D /* TouchApp-Info.plist */,
				222951CF13EC496F001D174D /* InfoPlist.strings */,
				222951D213EC496F001D174D /* main.m */,
				222951D413EC496F001D174D /* TouchApp-Prefix.pch */,
			);
			name = "Supporting Files";
			sourceTree = "<group>";
		};
		222951F113EC49F2001D174D /* controllers */ = {
			isa = PBXGroup;
			children = (
				222951F213EC4B5D001D174D /* CatalogueViewController.h */,
				222951F313EC4B5D001D174D /* CatalogueViewController.m */,
				222951F413EC4B5D001D174D /* CatalogueViewController.xib */,
				2229524113ECEC0B001D174D /* NewsViewController.h */,
				2229524213ECEC0B001D174D /* NewsViewController.m */,
				2229524313ECEC0B001D174D /* NewsViewController.xib */,
			);
			name = controllers;
			sourceTree = "<group>";
		};
		2229523013ECEA5E001D174D /* gfx */ = {
			isa = PBXGroup;
			children = (
				222952AE13ECFFB9001D174D /* tableBanners */,
				2229527913ECF0B8001D174D /* navBar images */,
				2229526213ECEF9B001D174D /* disclosure */,
				2229524D13ECEF32001D174D /* tabBar icons */,
				2229524C13ECEF0D001D174D /* icons */,
				2229524A13ECEEF8001D174D /* Default Images */,
			);
			name = gfx;
			sourceTree = "<group>";
		};
		2229524A13ECEEF8001D174D /* Default Images */ = {
			isa = PBXGroup;
			children = (
				2229523113ECEA76001D174D /* Default-Portrait~ipad.png */,
				2229523213ECEA76001D174D /* Default.png */,
				2229523313ECEA76001D174D /* Default@2x.png */,
			);
			name = "Default Images";
			sourceTree = "<group>";
		};
		2229524C13ECEF0D001D174D /* icons */ = {
			isa = PBXGroup;
			children = (
				2229523413ECEA76001D174D /* Icon-72.png */,
				2229523513ECEA76001D174D /* Icon.png */,
				2229523613ECEA76001D174D /* Icon@2x.png */,
			);
			name = icons;
			sourceTree = "<group>";
		};
		2229524D13ECEF32001D174D /* tabBar icons */ = {
			isa = PBXGroup;
			children = (
				2229526513ECEFF7001D174D /* catalog@2x.png */,
				2229526613ECEFF7001D174D /* images@2x.png */,
				2229526713ECEFF7001D174D /* news@2x.png */,
				2229526813ECEFF7001D174D /* radio@2x.png */,
				2229526913ECEFF7001D174D /* recipes@2x.png */,
				2229526A13ECEFF7001D174D /* catalog.png */,
				2229526B13ECEFF7001D174D /* images.png */,
				2229526C13ECEFF7001D174D /* news.png */,
				2229526D13ECEFF7001D174D /* radio.png */,
				2229526E13ECEFF7001D174D /* recipes.png */,
			);
			name = "tabBar icons";
			sourceTree = "<group>";
		};
		2229526213ECEF9B001D174D /* disclosure */ = {
			isa = PBXGroup;
			children = (
				2229526313ECEFB2001D174D /* go.png */,
			);
			name = disclosure;
			sourceTree = "<group>";
		};
		2229527913ECF0B8001D174D /* navBar images */ = {
			isa = PBXGroup;
			children = (
				2229527A13ECF0E6001D174D /* catalog-nav-iPad.png */,
				2229527B13ECF0E6001D174D /* images-nav-iPad.png */,
				2229527C13ECF0E6001D174D /* news-nav-iPad.png */,
				2229527D13ECF0E6001D174D /* radio-nav-iPad.png */,
				2229527E13ECF0E6001D174D /* recipes-nav-iPad.png */,
				2229527F13ECF0E6001D174D /* catalog-nav.png */,
				2229528013ECF0E6001D174D /* catalog-nav@2x.png */,
				2229528113ECF0E6001D174D /* images-nav.png */,
				2229528213ECF0E6001D174D /* images-nav@2x.png */,
				2229528313ECF0E6001D174D /* news-nav.png */,
				2229528413ECF0E6001D174D /* news-nav@2x.png */,
				2229528513ECF0E6001D174D /* radio-nav.png */,
				2229528613ECF0E6001D174D /* radio-nav@2x.png */,
				2229528713ECF0E6001D174D /* recipes-nav.png */,
				2229528813ECF0E6001D174D /* recipes-nav@2x.png */,
			);
			name = "navBar images";
			sourceTree = "<group>";
		};
		222952AE13ECFFB9001D174D /* tableBanners */ = {
			isa = PBXGroup;
			children = (
				222952AF13ECFFE1001D174D /* catalogue-banner~iphone.png */,
				222952B013ECFFE1001D174D /* catalogue-banner~ipad.png */,
				222952B113ECFFE1001D174D /* radio-banner~iphone.png */,
				222952B213ECFFE1001D174D /* radio-banner~ipad.png */,
				222952B313ECFFE1001D174D /* harvest~ipad.png */,
				222952B413ECFFE1001D174D /* harvest~iphone.png */,
				222952B513ECFFE1001D174D /* newport-pylons~ipad.png */,
				222952B613ECFFE1001D174D /* newport-pylons~iphone.png */,
			);
			name = tableBanners;
			sourceTree = "<group>";
		};
/* End PBXGroup section */

/* Begin PBXNativeTarget section */
		222951C113EC496F001D174D /* TouchApp */ = {
			isa = PBXNativeTarget;
			buildConfigurationList = 222951E913EC496F001D174D /* Build configuration list for PBXNativeTarget "TouchApp" */;
			buildPhases = (
				222951BE13EC496F001D174D /* Sources */,
				222951BF13EC496F001D174D /* Frameworks */,
				222951C013EC496F001D174D /* Resources */,
			);
			buildRules = (
			);
			dependencies = (
			);
			name = TouchApp;
			productName = TouchApp;
			productReference = 222951C213EC496F001D174D /* TouchApp.app */;
			productType = "com.apple.product-type.application";
		};
/* End PBXNativeTarget section */

/* Begin PBXProject section */
		222951B913EC496F001D174D /* Project object */ = {
			isa = PBXProject;
			attributes = {
				ORGANIZATIONNAME = "ErgoThis Ltd";
			};
			buildConfigurationList = 222951BC13EC496F001D174D /* Build configuration list for PBXProject "TouchApp" */;
			compatibilityVersion = "Xcode 3.2";
			developmentRegion = English;
			hasScannedForEncodings = 0;
			knownRegions = (
				en,
			);
			mainGroup = 222951B713EC496F001D174D;
			productRefGroup = 222951C313EC496F001D174D /* Products */;
			projectDirPath = "";
			projectRoot = "";
			targets = (
				222951C113EC496F001D174D /* TouchApp */,
			);
		};
/* End PBXProject section */

/* Begin PBXResourcesBuildPhase section */
		222951C013EC496F001D174D /* Resources */ = {
			isa = PBXResourcesBuildPhase;
			buildActionMask = 2147483647;
			files = (
				222951D113EC496F001D174D /* InfoPlist.strings in Resources */,
				222951DA13EC496F001D174D /* MainWindow.xib in Resources */,
				222951F613EC4B5D001D174D /* CatalogueViewController.xib in Resources */,
				2229523713ECEA76001D174D /* Default-Portrait~ipad.png in Resources */,
				2229523813ECEA76001D174D /* Default.png in Resources */,
				2229523913ECEA76001D174D /* Default@2x.png in Resources */,
				2229523A13ECEA76001D174D /* Icon-72.png in Resources */,
				2229523B13ECEA76001D174D /* Icon.png in Resources */,
				2229523C13ECEA76001D174D /* Icon@2x.png in Resources */,
				2229524513ECEC0B001D174D /* NewsViewController.xib in Resources */,
				2229526413ECEFB2001D174D /* go.png in Resources */,
				2229526F13ECEFF7001D174D /* catalog@2x.png in Resources */,
				2229527013ECEFF7001D174D /* images@2x.png in Resources */,
				2229527113ECEFF7001D174D /* news@2x.png in Resources */,
				2229527213ECEFF7001D174D /* radio@2x.png in Resources */,
				2229527313ECEFF7001D174D /* recipes@2x.png in Resources */,
				2229527413ECEFF7001D174D /* catalog.png in Resources */,
				2229527513ECEFF7001D174D /* images.png in Resources */,
				2229527613ECEFF7001D174D /* news.png in Resources */,
				2229527713ECEFF7001D174D /* radio.png in Resources */,
				2229527813ECEFF7001D174D /* recipes.png in Resources */,
				2229528913ECF0E6001D174D /* catalog-nav-iPad.png in Resources */,
				2229528A13ECF0E6001D174D /* images-nav-iPad.png in Resources */,
				2229528B13ECF0E6001D174D /* news-nav-iPad.png in Resources */,
				2229528C13ECF0E6001D174D /* radio-nav-iPad.png in Resources */,
				2229528D13ECF0E6001D174D /* recipes-nav-iPad.png in Resources */,
				2229528E13ECF0E6001D174D /* catalog-nav.png in Resources */,
				2229528F13ECF0E6001D174D /* catalog-nav@2x.png in Resources */,
				2229529013ECF0E6001D174D /* images-nav.png in Resources */,
				2229529113ECF0E6001D174D /* images-nav@2x.png in Resources */,
				2229529213ECF0E6001D174D /* news-nav.png in Resources */,
				2229529313ECF0E6001D174D /* news-nav@2x.png in Resources */,
				2229529413ECF0E6001D174D /* radio-nav.png in Resources */,
				2229529513ECF0E6001D174D /* radio-nav@2x.png in Resources */,
				2229529613ECF0E6001D174D /* recipes-nav.png in Resources */,
				2229529713ECF0E6001D174D /* recipes-nav@2x.png in Resources */,
				222952B713ECFFE1001D174D /* catalogue-banner~iphone.png in Resources */,
				222952B813ECFFE1001D174D /* catalogue-banner~ipad.png in Resources */,
				222952B913ECFFE1001D174D /* radio-banner~iphone.png in Resources */,
				222952BA13ECFFE1001D174D /* radio-banner~ipad.png in Resources */,
				222952BB13ECFFE1001D174D /* harvest~ipad.png in Resources */,
				222952BC13ECFFE1001D174D /* harvest~iphone.png in Resources */,
				222952BD13ECFFE1001D174D /* newport-pylons~ipad.png in Resources */,
				222952BE13ECFFE1001D174D /* newport-pylons~iphone.png in Resources */,
			);
			runOnlyForDeploymentPostprocessing = 0;
		};
/* End PBXResourcesBuildPhase section */

/* Begin PBXSourcesBuildPhase section */
		222951BE13EC496F001D174D /* Sources */ = {
			isa = PBXSourcesBuildPhase;
			buildActionMask = 2147483647;
			files = (
				222951D313EC496F001D174D /* main.m in Sources */,
				222951D713EC496F001D174D /* TouchAppAppDelegate.m in Sources */,
				222951F513EC4B5D001D174D /* CatalogueViewController.m in Sources */,
				2229524413ECEC0B001D174D /* NewsViewController.m in Sources */,
			);
			runOnlyForDeploymentPostprocessing = 0;
		};
/* End PBXSourcesBuildPhase section */

/* Begin PBXVariantGroup section */
		222951CF13EC496F001D174D /* InfoPlist.strings */ = {
			isa = PBXVariantGroup;
			children = (
				222951D013EC496F001D174D /* en */,
			);
			name = InfoPlist.strings;
			sourceTree = "<group>";
		};
		222951D813EC496F001D174D /* MainWindow.xib */ = {
			isa = PBXVariantGroup;
			children = (
				222951D913EC496F001D174D /* en */,
			);
			name = MainWindow.xib;
			sourceTree = "<group>";
		};
/* End PBXVariantGroup section */

/* Begin XCBuildConfiguration section */
		222951E713EC496F001D174D /* Debug */ = {
			isa = XCBuildConfiguration;
			buildSettings = {
				ALWAYS_SEARCH_USER_PATHS = NO;
				ARCHS = "$(ARCHS_STANDARD_32_BIT)";
				"CODE_SIGN_IDENTITY[sdk=iphoneos*]" = "iPhone Developer";
				COPY_PHASE_STRIP = NO;
				GCC_C_LANGUAGE_STANDARD = gnu99;
				GCC_DYNAMIC_NO_PIC = NO;
				GCC_OPTIMIZATION_LEVEL = 0;
				GCC_PREPROCESSOR_DEFINITIONS = (
					"DEBUG=1",
					"$(inherited)",
				);
				GCC_SYMBOLS_PRIVATE_EXTERN = NO;
				GCC_VERSION = com.apple.compilers.llvmgcc42;
				GCC_WARN_ABOUT_MISSING_PROTOTYPES = YES;
				GCC_WARN_ABOUT_RETURN_TYPE = YES;
				GCC_WARN_UNUSED_VARIABLE = YES;
				IPHONEOS_DEPLOYMENT_TARGET = 4.3;
				SDKROOT = iphoneos;
			};
			name = Debug;
		};
		222951E813EC496F001D174D /* Release */ = {
			isa = XCBuildConfiguration;
			buildSettings = {
				ALWAYS_SEARCH_USER_PATHS = NO;
				ARCHS = "$(ARCHS_STANDARD_32_BIT)";
				"CODE_SIGN_IDENTITY[sdk=iphoneos*]" = "iPhone Developer";
				COPY_PHASE_STRIP = YES;
				GCC_C_LANGUAGE_STANDARD = gnu99;
				GCC_VERSION = com.apple.compilers.llvmgcc42;
				GCC_WARN_ABOUT_MISSING_PROTOTYPES = YES;
				GCC_WARN_ABOUT_RETURN_TYPE = YES;
				GCC_WARN_UNUSED_VARIABLE = YES;
				IPHONEOS_DEPLOYMENT_TARGET = 4.3;
				OTHER_CFLAGS = "-DNS_BLOCK_ASSERTIONS=1";
				SDKROOT = iphoneos;
				VALIDATE_PRODUCT = YES;
			};
			name = Release;
		};
		222951EA13EC496F001D174D /* Debug */ = {
			isa = XCBuildConfiguration;
			buildSettings = {
				GCC_PRECOMPILE_PREFIX_HEADER = YES;
				GCC_PREFIX_HEADER = "TouchApp/TouchApp-Prefix.pch";
				INFOPLIST_FILE = "TouchApp/TouchApp-Info.plist";
				PRODUCT_NAME = "$(TARGET_NAME)";
				WRAPPER_EXTENSION = app;
			};
			name = Debug;
		};
		222951EB13EC496F001D174D /* Release */ = {
			isa = XCBuildConfiguration;
			buildSettings = {
				GCC_PRECOMPILE_PREFIX_HEADER = YES;
				GCC_PREFIX_HEADER = "TouchApp/TouchApp-Prefix.pch";
				INFOPLIST_FILE = "TouchApp/TouchApp-Info.plist";
				PRODUCT_NAME = "$(TARGET_NAME)";
				WRAPPER_EXTENSION = app;
			};
			name = Release;
		};
/* End XCBuildConfiguration section */

/* Begin XCConfigurationList section */
		222951BC13EC496F001D174D /* Build configuration list for PBXProject "TouchApp" */ = {
			isa = XCConfigurationList;
			buildConfigurations = (
				222951E713EC496F001D174D /* Debug */,
				222951E813EC496F001D174D /* Release */,
			);
			defaultConfigurationIsVisible = 0;
			defaultConfigurationName = Release;
		};
		222951E913EC496F001D174D /* Build configuration list for PBXNativeTarget "TouchApp" */ = {
			isa = XCConfigurationList;
			buildConfigurations = (
				222951EA13EC496F001D174D /* Debug */,
				222951EB13EC496F001D174D /* Release */,
			);
			defaultConfigurationIsVisible = 0;
			defaultConfigurationName = Release;
		};
/* End XCConfigurationList section */
	};
	rootObject = 222951B913EC496F001D174D /* Project object */;
}
