// !$*UTF8*$!
{
	archiveVersion = 1;
	classes = {
	};
	objectVersion = 46;
	objects = {

/* Begin PBXBuildFile section */
		222951C713EC496F001D174D /* UIKit.framework in Frameworks */ = {isa = PBXBuildFile; fileRef = 222951C613EC496F001D174D /* UIKit.framework */; };
		222951C913EC496F001D174D /* Foundation.framework in Frameworks */ = {isa = PBXBuildFile; fileRef = 222951C813EC496F001D174D /* Foundation.framework */; };
		222951CB13EC496F001D174D /* CoreGraphics.framework in Frameworks */ = {isa = PBXBuildFile; fileRef = 222951CA13EC496F001D174D /* CoreGraphics.framework */; };
		222951D113EC496F001D174D /* InfoPlist.strings in Resources */ = {isa = PBXBuildFile; fileRef = 222951CF13EC496F001D174D /* InfoPlist.strings */; };
		222951D313EC496F001D174D /* main.m in Sources */ = {isa = PBXBuildFile; fileRef = 222951D213EC496F001D174D /* main.m */; };
		222951D713EC496F001D174D /* TouchAppAppDelegate.m in Sources */ = {isa = PBXBuildFile; fileRef = 222951D613EC496F001D174D /* TouchAppAppDelegate.m */; };
		222951DA13EC496F001D174D /* MainWindow.xib in Resources */ = {isa = PBXBuildFile; fileRef = 222951D813EC496F001D174D /* MainWindow.xib */; };
		222951F513EC4B5D001D174D /* CatalogueViewController.m in Sources */ = {isa = PBXBuildFile; fileRef = 222951F313EC4B5D001D174D /* CatalogueViewController.m */; };
		222951F613EC4B5D001D174D /* CatalogueViewController.xib in Resources */ = {isa = PBXBuildFile; fileRef = 222951F413EC4B5D001D174D /* CatalogueViewController.xib */; };
		2229523713ECEA76001D174D /* Default-Portrait~ipad.png in Resources */ = {isa = PBXBuildFile; fileRef = 2229523113ECEA76001D174D /* Default-Portrait~ipad.png */; };
		2229523813ECEA76001D174D /* Default.png in Resources */ = {isa = PBXBuildFile; fileRef = 2229523213ECEA76001D174D /* Default.png */; };
		2229523913ECEA76001D174D /* Default@2x.png in Resources */ = {isa = PBXBuildFile; fileRef = 2229523313ECEA76001D174D /* Default@2x.png */; };
		2229524413ECEC0B001D174D /* NewsViewController.m in Sources */ = {isa = PBXBuildFile; fileRef = 2229524213ECEC0B001D174D /* NewsViewController.m */; };
		2229524513ECEC0B001D174D /* NewsViewController.xib in Resources */ = {isa = PBXBuildFile; fileRef = 2229524313ECEC0B001D174D /* NewsViewController.xib */; };
		2229526413ECEFB2001D174D /* go.png in Resources */ = {isa = PBXBuildFile; fileRef = 2229526313ECEFB2001D174D /* go.png */; };
		2229526F13ECEFF7001D174D /* catalog@2x.png in Resources */ = {isa = PBXBuildFile; fileRef = 2229526513ECEFF7001D174D /* catalog@2x.png */; };
		2229527013ECEFF7001D174D /* images@2x.png in Resources */ = {isa = PBXBuildFile; fileRef = 2229526613ECEFF7001D174D /* images@2x.png */; };
		2229527113ECEFF7001D174D /* news@2x.png in Resources */ = {isa = PBXBuildFile; fileRef = 2229526713ECEFF7001D174D /* news@2x.png */; };
		2229527213ECEFF7001D174D /* radio@2x.png in Resources */ = {isa = PBXBuildFile; fileRef = 2229526813ECEFF7001D174D /* radio@2x.png */; };
		2229527313ECEFF7001D174D /* recipes@2x.png in Resources */ = {isa = PBXBuildFile; fileRef = 2229526913ECEFF7001D174D /* recipes@2x.png */; };
		2229527413ECEFF7001D174D /* catalog.png in Resources */ = {isa = PBXBuildFile; fileRef = 2229526A13ECEFF7001D174D /* catalog.png */; };
		2229527513ECEFF7001D174D /* images.png in Resources */ = {isa = PBXBuildFile; fileRef = 2229526B13ECEFF7001D174D /* images.png */; };
		2229527613ECEFF7001D174D /* news.png in Resources */ = {isa = PBXBuildFile; fileRef = 2229526C13ECEFF7001D174D /* news.png */; };
		2229527713ECEFF7001D174D /* radio.png in Resources */ = {isa = PBXBuildFile; fileRef = 2229526D13ECEFF7001D174D /* radio.png */; };
		2229527813ECEFF7001D174D /* recipes.png in Resources */ = {isa = PBXBuildFile; fileRef = 2229526E13ECEFF7001D174D /* recipes.png */; };
		2229528913ECF0E6001D174D /* catalog-nav~ipad.png in Resources */ = {isa = PBXBuildFile; fileRef = 2229527A13ECF0E6001D174D /* catalog-nav~ipad.png */; };
		2229528A13ECF0E6001D174D /* images-nav~ipad.png in Resources */ = {isa = PBXBuildFile; fileRef = 2229527B13ECF0E6001D174D /* images-nav~ipad.png */; };
		2229528B13ECF0E6001D174D /* news-nav~ipad.png in Resources */ = {isa = PBXBuildFile; fileRef = 2229527C13ECF0E6001D174D /* news-nav~ipad.png */; };
		2229528C13ECF0E6001D174D /* radio-nav~ipad.png in Resources */ = {isa = PBXBuildFile; fileRef = 2229527D13ECF0E6001D174D /* radio-nav~ipad.png */; };
		2229528D13ECF0E6001D174D /* recipes-nav~ipad.png in Resources */ = {isa = PBXBuildFile; fileRef = 2229527E13ECF0E6001D174D /* recipes-nav~ipad.png */; };
		2229528E13ECF0E6001D174D /* catalog-nav~iphone.png in Resources */ = {isa = PBXBuildFile; fileRef = 2229527F13ECF0E6001D174D /* catalog-nav~iphone.png */; };
		2229528F13ECF0E6001D174D /* catalog-nav@2x~iphone.png in Resources */ = {isa = PBXBuildFile; fileRef = 2229528013ECF0E6001D174D /* catalog-nav@2x~iphone.png */; };
		2229529013ECF0E6001D174D /* images-nav~iphone.png in Resources */ = {isa = PBXBuildFile; fileRef = 2229528113ECF0E6001D174D /* images-nav~iphone.png */; };
		2229529113ECF0E6001D174D /* images-nav@2x~iphone.png in Resources */ = {isa = PBXBuildFile; fileRef = 2229528213ECF0E6001D174D /* images-nav@2x~iphone.png */; };
		2229529213ECF0E6001D174D /* news-nav~iphone.png in Resources */ = {isa = PBXBuildFile; fileRef = 2229528313ECF0E6001D174D /* news-nav~iphone.png */; };
		2229529313ECF0E6001D174D /* news-nav@2x~iphone.png in Resources */ = {isa = PBXBuildFile; fileRef = 2229528413ECF0E6001D174D /* news-nav@2x~iphone.png */; };
		2229529413ECF0E6001D174D /* radio-nav~iphone.png in Resources */ = {isa = PBXBuildFile; fileRef = 2229528513ECF0E6001D174D /* radio-nav~iphone.png */; };
		2229529513ECF0E6001D174D /* radio-nav@2x~iphone.png in Resources */ = {isa = PBXBuildFile; fileRef = 2229528613ECF0E6001D174D /* radio-nav@2x~iphone.png */; };
		2229529613ECF0E6001D174D /* recipes-nav~iphone.png in Resources */ = {isa = PBXBuildFile; fileRef = 2229528713ECF0E6001D174D /* recipes-nav~iphone.png */; };
		2229529713ECF0E6001D174D /* recipes-nav@2x~iphone.png in Resources */ = {isa = PBXBuildFile; fileRef = 2229528813ECF0E6001D174D /* recipes-nav@2x~iphone.png */; };
		2229529913ECFC96001D174D /* QuartzCore.framework in Frameworks */ = {isa = PBXBuildFile; fileRef = 2229529813ECFC96001D174D /* QuartzCore.framework */; };
		222952B713ECFFE1001D174D /* catalogue-banner~iphone.png in Resources */ = {isa = PBXBuildFile; fileRef = 222952AF13ECFFE1001D174D /* catalogue-banner~iphone.png */; };
		222952B813ECFFE1001D174D /* catalogue-banner~ipad.png in Resources */ = {isa = PBXBuildFile; fileRef = 222952B013ECFFE1001D174D /* catalogue-banner~ipad.png */; };
		222952B913ECFFE1001D174D /* radio-banner~iphone.png in Resources */ = {isa = PBXBuildFile; fileRef = 222952B113ECFFE1001D174D /* radio-banner~iphone.png */; };
		222952BA13ECFFE1001D174D /* radio-banner~ipad.png in Resources */ = {isa = PBXBuildFile; fileRef = 222952B213ECFFE1001D174D /* radio-banner~ipad.png */; };
		222952BB13ECFFE1001D174D /* harvest~ipad.png in Resources */ = {isa = PBXBuildFile; fileRef = 222952B313ECFFE1001D174D /* harvest~ipad.png */; };
		222952BC13ECFFE1001D174D /* harvest~iphone.png in Resources */ = {isa = PBXBuildFile; fileRef = 222952B413ECFFE1001D174D /* harvest~iphone.png */; };
		222952BD13ECFFE1001D174D /* newport-pylons~ipad.png in Resources */ = {isa = PBXBuildFile; fileRef = 222952B513ECFFE1001D174D /* newport-pylons~ipad.png */; };
		222952BE13ECFFE1001D174D /* newport-pylons~iphone.png in Resources */ = {isa = PBXBuildFile; fileRef = 222952B613ECFFE1001D174D /* newport-pylons~iphone.png */; };
		223545FA140F9340008940F4 /* MainWindow-iPad.xib in Resources */ = {isa = PBXBuildFile; fileRef = 223545F8140F9340008940F4 /* MainWindow-iPad.xib */; };
		223595D9140FE2C3004A08C8 /* RecipeItemViewController.m in Sources */ = {isa = PBXBuildFile; fileRef = 223595D7140FE2C3004A08C8 /* RecipeItemViewController.m */; };
		223595DA140FE2C3004A08C8 /* RecipeItemViewController.xib in Resources */ = {isa = PBXBuildFile; fileRef = 223595D8140FE2C3004A08C8 /* RecipeItemViewController.xib */; };
		224FBC2714076B5E00749E42 /* RadioItemViewController.m in Sources */ = {isa = PBXBuildFile; fileRef = 224FBC2614076B5E00749E42 /* RadioItemViewController.m */; };
		224FBC2914076B9C00749E42 /* RadioItemViewController.xib in Resources */ = {isa = PBXBuildFile; fileRef = 224FBC2814076B9C00749E42 /* RadioItemViewController.xib */; };
		224FBC2D1407F9DB00749E42 /* RecipeCategoryItem.m in Sources */ = {isa = PBXBuildFile; fileRef = 224FBC2C1407F9DB00749E42 /* RecipeCategoryItem.m */; };
		224FBC301407FCF400749E42 /* RecipeCategoryList.m in Sources */ = {isa = PBXBuildFile; fileRef = 224FBC2F1407FCF400749E42 /* RecipeCategoryList.m */; };
		224FBC351407FE3700749E42 /* RecipeCategoryViewController.m in Sources */ = {isa = PBXBuildFile; fileRef = 224FBC331407FE3700749E42 /* RecipeCategoryViewController.m */; };
		224FBC361407FE3700749E42 /* RecipeCategoryViewController.xib in Resources */ = {isa = PBXBuildFile; fileRef = 224FBC341407FE3700749E42 /* RecipeCategoryViewController.xib */; };
		224FBC76140843B000749E42 /* RecipeItem.m in Sources */ = {isa = PBXBuildFile; fileRef = 224FBC75140843AF00749E42 /* RecipeItem.m */; };
		224FBC7A1408C25600749E42 /* RecipeBookList.m in Sources */ = {isa = PBXBuildFile; fileRef = 224FBC791408C25600749E42 /* RecipeBookList.m */; };
		224FBC7C1408C47200749E42 /* RecipeCategories.plist in Resources */ = {isa = PBXBuildFile; fileRef = 224FBC7B1408C47200749E42 /* RecipeCategories.plist */; };
		224FBC80140980B000749E42 /* RecipeBookViewController.m in Sources */ = {isa = PBXBuildFile; fileRef = 224FBC7E140980AF00749E42 /* RecipeBookViewController.m */; };
		224FBC81140980B000749E42 /* RecipeBookViewController.xib in Resources */ = {isa = PBXBuildFile; fileRef = 224FBC7F140980AF00749E42 /* RecipeBookViewController.xib */; };
		224FBC851409947B00749E42 /* ImageItem.m in Sources */ = {isa = PBXBuildFile; fileRef = 224FBC841409947B00749E42 /* ImageItem.m */; };
		224FBC881409957900749E42 /* ImageList.m in Sources */ = {isa = PBXBuildFile; fileRef = 224FBC871409957900749E42 /* ImageList.m */; };
		224FBC8E1409977B00749E42 /* GTMNSString+URLArguments.m in Sources */ = {isa = PBXBuildFile; fileRef = 224FBC8B1409977B00749E42 /* GTMNSString+URLArguments.m */; };
		224FBC8F1409977B00749E42 /* GTMNSDictionary+URLArguments.m in Sources */ = {isa = PBXBuildFile; fileRef = 224FBC8D1409977B00749E42 /* GTMNSDictionary+URLArguments.m */; };
		224FBC931409988200749E42 /* ImageGalleryViewController.m in Sources */ = {isa = PBXBuildFile; fileRef = 224FBC911409987F00749E42 /* ImageGalleryViewController.m */; };
		224FBC941409988200749E42 /* ImageGalleryViewController.xib in Resources */ = {isa = PBXBuildFile; fileRef = 224FBC921409988100749E42 /* ImageGalleryViewController.xib */; };
		22675204140B4AFB00726FAE /* ImageScrollView.m in Sources */ = {isa = PBXBuildFile; fileRef = 226751FF140B4AFB00726FAE /* ImageScrollView.m */; };
		22675205140B4AFB00726FAE /* PhotoViewController.m in Sources */ = {isa = PBXBuildFile; fileRef = 22675201140B4AFB00726FAE /* PhotoViewController.m */; };
		22675208140B4DDE00726FAE /* PhotoViewController.xib in Resources */ = {isa = PBXBuildFile; fileRef = 22675207140B4DDE00726FAE /* PhotoViewController.xib */; };
		2272020A140E4BDD005DD4B7 /* MessageUI.framework in Frameworks */ = {isa = PBXBuildFile; fileRef = 22720209140E4BDD005DD4B7 /* MessageUI.framework */; };
		227C563A1414918900169F38 /* placeholder.png in Resources */ = {isa = PBXBuildFile; fileRef = 227C56391414918900169F38 /* placeholder.png */; };
		227C569014163D9200169F38 /* TouchApplication.m in Sources */ = {isa = PBXBuildFile; fileRef = 227C568F14163D9200169F38 /* TouchApplication.m */; };
		227C5695141656DD00169F38 /* 16-play.png in Resources */ = {isa = PBXBuildFile; fileRef = 227C5691141656DD00169F38 /* 16-play.png */; };
		227C5696141656DD00169F38 /* 16-play@2x.png in Resources */ = {isa = PBXBuildFile; fileRef = 227C5692141656DD00169F38 /* 16-play@2x.png */; };
		227C5697141656DD00169F38 /* 17-pause.png in Resources */ = {isa = PBXBuildFile; fileRef = 227C5693141656DD00169F38 /* 17-pause.png */; };
		227C5698141656DD00169F38 /* 17-pause@2x.png in Resources */ = {isa = PBXBuildFile; fileRef = 227C5694141656DD00169F38 /* 17-pause@2x.png */; };
		22804A881407544B0083CE40 /* TJMImageResource.m in Sources */ = {isa = PBXBuildFile; fileRef = 22804A831407544B0083CE40 /* TJMImageResource.m */; };
		22804A891407544B0083CE40 /* TJMImageResourceManager.m in Sources */ = {isa = PBXBuildFile; fileRef = 22804A851407544B0083CE40 /* TJMImageResourceManager.m */; };
		22804A8A1407544B0083CE40 /* TJMImageResourceView.m in Sources */ = {isa = PBXBuildFile; fileRef = 22804A871407544B0083CE40 /* TJMImageResourceView.m */; };
		22A3E4A2140FC6AF00CF2B0B /* Icon.png in Resources */ = {isa = PBXBuildFile; fileRef = 22A3E4A1140FC6AF00CF2B0B /* Icon.png */; };
		22A3E4A4140FC6BD00CF2B0B /* Icon@2x.png in Resources */ = {isa = PBXBuildFile; fileRef = 22A3E4A3140FC6BD00CF2B0B /* Icon@2x.png */; };
		22A3E4A6140FC6CA00CF2B0B /* Icon-72.png in Resources */ = {isa = PBXBuildFile; fileRef = 22A3E4A5140FC6CA00CF2B0B /* Icon-72.png */; };
		22CB4B8913EDD641008968D6 /* AppManager.m in Sources */ = {isa = PBXBuildFile; fileRef = 22CB4B8813EDD641008968D6 /* AppManager.m */; };
		22CB4BEF13EE417E008968D6 /* CXMLDocument_CreationExtensions.m in Sources */ = {isa = PBXBuildFile; fileRef = 22CB4BD413EE417E008968D6 /* CXMLDocument_CreationExtensions.m */; };
		22CB4BF013EE417E008968D6 /* CXMLNode_CreationExtensions.m in Sources */ = {isa = PBXBuildFile; fileRef = 22CB4BD613EE417E008968D6 /* CXMLNode_CreationExtensions.m */; };
		22CB4BF113EE417E008968D6 /* CXHTMLDocument.m in Sources */ = {isa = PBXBuildFile; fileRef = 22CB4BD813EE417E008968D6 /* CXHTMLDocument.m */; };
		22CB4BF213EE417E008968D6 /* CXMLDocument_PrivateExtensions.m in Sources */ = {isa = PBXBuildFile; fileRef = 22CB4BDA13EE417E008968D6 /* CXMLDocument_PrivateExtensions.m */; };
		22CB4BF313EE417E008968D6 /* CXMLDocument.m in Sources */ = {isa = PBXBuildFile; fileRef = 22CB4BDC13EE417E008968D6 /* CXMLDocument.m */; };
		22CB4BF413EE417E008968D6 /* CXMLElement_CreationExtensions.m in Sources */ = {isa = PBXBuildFile; fileRef = 22CB4BDE13EE417E008968D6 /* CXMLElement_CreationExtensions.m */; };
		22CB4BF513EE417E008968D6 /* CXMLElement_ElementTreeExtensions.m in Sources */ = {isa = PBXBuildFile; fileRef = 22CB4BE013EE417E008968D6 /* CXMLElement_ElementTreeExtensions.m */; };
		22CB4BF613EE417E008968D6 /* CXMLElement.m in Sources */ = {isa = PBXBuildFile; fileRef = 22CB4BE213EE417E008968D6 /* CXMLElement.m */; };
		22CB4BF713EE417E008968D6 /* CXMLNamespaceNode.m in Sources */ = {isa = PBXBuildFile; fileRef = 22CB4BE413EE417E008968D6 /* CXMLNamespaceNode.m */; };
		22CB4BF813EE417E008968D6 /* CXMLNode_PrivateExtensions.m in Sources */ = {isa = PBXBuildFile; fileRef = 22CB4BE613EE417E008968D6 /* CXMLNode_PrivateExtensions.m */; };
		22CB4BF913EE417E008968D6 /* CXMLNode_XPathExtensions.m in Sources */ = {isa = PBXBuildFile; fileRef = 22CB4BE813EE417E008968D6 /* CXMLNode_XPathExtensions.m */; };
		22CB4BFA13EE417E008968D6 /* CXMLNode.m in Sources */ = {isa = PBXBuildFile; fileRef = 22CB4BEA13EE417E008968D6 /* CXMLNode.m */; };
		22CB4BFB13EE417E008968D6 /* CTidy.m in Sources */ = {isa = PBXBuildFile; fileRef = 22CB4BED13EE417E008968D6 /* CTidy.m */; };
		22CB4C0213EE493D008968D6 /* FeedItem.m in Sources */ = {isa = PBXBuildFile; fileRef = 22CB4BFF13EE493D008968D6 /* FeedItem.m */; };
		22CB4C0313EE493D008968D6 /* FeedList.m in Sources */ = {isa = PBXBuildFile; fileRef = 22CB4C0113EE493D008968D6 /* FeedList.m */; };
		22CB4C0B13EE4A41008968D6 /* UIApplication+TJMNetworkActivity.m in Sources */ = {isa = PBXBuildFile; fileRef = 22CB4C0A13EE4A41008968D6 /* UIApplication+TJMNetworkActivity.m */; };
		22CB4C0E13EE4A57008968D6 /* TJM_UIImage.m in Sources */ = {isa = PBXBuildFile; fileRef = 22CB4C0D13EE4A57008968D6 /* TJM_UIImage.m */; };
		22CB4C1613EE4CFA008968D6 /* NewsList.m in Sources */ = {isa = PBXBuildFile; fileRef = 22CB4C1313EE4CFA008968D6 /* NewsList.m */; };
		22CB4C1713EE4CFA008968D6 /* NewsItem.m in Sources */ = {isa = PBXBuildFile; fileRef = 22CB4C1513EE4CFA008968D6 /* NewsItem.m */; };
		22CB4C1A13EEBC56008968D6 /* WebsiteViewController.m in Sources */ = {isa = PBXBuildFile; fileRef = 22CB4C1913EEBC55008968D6 /* WebsiteViewController.m */; };
		22CB4C1C13EEBC6C008968D6 /* WebsiteViewController.xib in Resources */ = {isa = PBXBuildFile; fileRef = 22CB4C1B13EEBC6C008968D6 /* WebsiteViewController.xib */; };
		22CB4C2613EEBF74008968D6 /* Arrow-Left_greystate.png in Resources */ = {isa = PBXBuildFile; fileRef = 22CB4C1E13EEBF74008968D6 /* Arrow-Left_greystate.png */; };
		22CB4C2713EEBF74008968D6 /* Arrow-Right_greystate.png in Resources */ = {isa = PBXBuildFile; fileRef = 22CB4C1F13EEBF74008968D6 /* Arrow-Right_greystate.png */; };
		22CB4C2813EEBF74008968D6 /* Arrow-Right_greystate@2x.png in Resources */ = {isa = PBXBuildFile; fileRef = 22CB4C2013EEBF74008968D6 /* Arrow-Right_greystate@2x.png */; };
		22CB4C2913EEBF74008968D6 /* Arrow-Left_greystate@2x.png in Resources */ = {isa = PBXBuildFile; fileRef = 22CB4C2113EEBF74008968D6 /* Arrow-Left_greystate@2x.png */; };
		22CB4C2A13EEBF74008968D6 /* Arrow-Left@2x.png in Resources */ = {isa = PBXBuildFile; fileRef = 22CB4C2213EEBF74008968D6 /* Arrow-Left@2x.png */; };
		22CB4C2B13EEBF74008968D6 /* Arrow-Right@2x.png in Resources */ = {isa = PBXBuildFile; fileRef = 22CB4C2313EEBF74008968D6 /* Arrow-Right@2x.png */; };
		22CB4C2C13EEBF74008968D6 /* Arrow-Right.png in Resources */ = {isa = PBXBuildFile; fileRef = 22CB4C2413EEBF74008968D6 /* Arrow-Right.png */; };
		22CB4C2D13EEBF74008968D6 /* Arrow-Left.png in Resources */ = {isa = PBXBuildFile; fileRef = 22CB4C2513EEBF74008968D6 /* Arrow-Left.png */; };
		22CB4C3513EFC9CE008968D6 /* CatalogueItem.m in Sources */ = {isa = PBXBuildFile; fileRef = 22CB4C3413EFC9CE008968D6 /* CatalogueItem.m */; };
		22CB4C3813EFD80B008968D6 /* CatalogueList.m in Sources */ = {isa = PBXBuildFile; fileRef = 22CB4C3713EFD80B008968D6 /* CatalogueList.m */; };
		22CB4C3B13EFE2EB008968D6 /* TJMAudioCenter.m in Sources */ = {isa = PBXBuildFile; fileRef = 22CB4C3A13EFE2EB008968D6 /* TJMAudioCenter.m */; };
		22CB4C3D13EFE383008968D6 /* AVFoundation.framework in Frameworks */ = {isa = PBXBuildFile; fileRef = 22CB4C3C13EFE382008968D6 /* AVFoundation.framework */; };
		22CB4C3F13EFE38F008968D6 /* CoreMedia.framework in Frameworks */ = {isa = PBXBuildFile; fileRef = 22CB4C3E13EFE38E008968D6 /* CoreMedia.framework */; };
		22CB4C4813EFE654008968D6 /* CatalogueItemViewController.m in Sources */ = {isa = PBXBuildFile; fileRef = 22CB4C4613EFE652008968D6 /* CatalogueItemViewController.m */; };
		22CB4C4913EFE654008968D6 /* CatalogueItemViewController.xib in Resources */ = {isa = PBXBuildFile; fileRef = 22CB4C4713EFE653008968D6 /* CatalogueItemViewController.xib */; };
		22CB4C4D13EFE96F008968D6 /* blackbutton.png in Resources */ = {isa = PBXBuildFile; fileRef = 22CB4C4B13EFE96F008968D6 /* blackbutton.png */; };
		22CB4C4E13EFE96F008968D6 /* buyButtonGreen.png in Resources */ = {isa = PBXBuildFile; fileRef = 22CB4C4C13EFE96F008968D6 /* buyButtonGreen.png */; };
		22CB4C6213F08E90008968D6 /* ipad.css in Resources */ = {isa = PBXBuildFile; fileRef = 22CB4C6013F08E8E008968D6 /* ipad.css */; };
		22CB4C6313F08E90008968D6 /* mobile.css in Resources */ = {isa = PBXBuildFile; fileRef = 22CB4C6113F08E8F008968D6 /* mobile.css */; };
		22CB4C7213F0966F008968D6 /* RadioItem.m in Sources */ = {isa = PBXBuildFile; fileRef = 22CB4C7113F0966F008968D6 /* RadioItem.m */; };
		22CB4CB813F1248E008968D6 /* RadioList.m in Sources */ = {isa = PBXBuildFile; fileRef = 22CB4CB713F1248D008968D6 /* RadioList.m */; };
		22CB4CBE13F12BDA008968D6 /* RadioViewController.m in Sources */ = {isa = PBXBuildFile; fileRef = 22CB4CBC13F12BDA008968D6 /* RadioViewController.m */; };
		22CB4CBF13F12BDA008968D6 /* RadioViewController.xib in Resources */ = {isa = PBXBuildFile; fileRef = 22CB4CBD13F12BDA008968D6 /* RadioViewController.xib */; };
/* End PBXBuildFile section */

/* Begin PBXFileReference section */
		222951C213EC496F001D174D /* TouchApp.app */ = {isa = PBXFileReference; explicitFileType = wrapper.application; includeInIndex = 0; path = TouchApp.app; sourceTree = BUILT_PRODUCTS_DIR; };
		222951C613EC496F001D174D /* UIKit.framework */ = {isa = PBXFileReference; lastKnownFileType = wrapper.framework; name = UIKit.framework; path = System/Library/Frameworks/UIKit.framework; sourceTree = SDKROOT; };
		222951C813EC496F001D174D /* Foundation.framework */ = {isa = PBXFileReference; lastKnownFileType = wrapper.framework; name = Foundation.framework; path = System/Library/Frameworks/Foundation.framework; sourceTree = SDKROOT; };
		222951CA13EC496F001D174D /* CoreGraphics.framework */ = {isa = PBXFileReference; lastKnownFileType = wrapper.framework; name = CoreGraphics.framework; path = System/Library/Frameworks/CoreGraphics.framework; sourceTree = SDKROOT; };
		222951CE13EC496F001D174D /* TouchApp-Info.plist */ = {isa = PBXFileReference; lastKnownFileType = text.plist.xml; path = "TouchApp-Info.plist"; sourceTree = "<group>"; };
		222951D013EC496F001D174D /* en */ = {isa = PBXFileReference; lastKnownFileType = text.plist.strings; name = en; path = en.lproj/InfoPlist.strings; sourceTree = "<group>"; };
		222951D213EC496F001D174D /* main.m */ = {isa = PBXFileReference; lastKnownFileType = sourcecode.c.objc; path = main.m; sourceTree = "<group>"; };
		222951D413EC496F001D174D /* TouchApp-Prefix.pch */ = {isa = PBXFileReference; lastKnownFileType = sourcecode.c.h; path = "TouchApp-Prefix.pch"; sourceTree = "<group>"; };
		222951D513EC496F001D174D /* TouchAppAppDelegate.h */ = {isa = PBXFileReference; lastKnownFileType = sourcecode.c.h; path = TouchAppAppDelegate.h; sourceTree = "<group>"; };
		222951D613EC496F001D174D /* TouchAppAppDelegate.m */ = {isa = PBXFileReference; lastKnownFileType = sourcecode.c.objc; path = TouchAppAppDelegate.m; sourceTree = "<group>"; };
		222951D913EC496F001D174D /* en */ = {isa = PBXFileReference; lastKnownFileType = file.xib; name = en; path = en.lproj/MainWindow.xib; sourceTree = "<group>"; };
		222951F213EC4B5D001D174D /* CatalogueViewController.h */ = {isa = PBXFileReference; fileEncoding = 4; lastKnownFileType = sourcecode.c.h; path = CatalogueViewController.h; sourceTree = "<group>"; };
		222951F313EC4B5D001D174D /* CatalogueViewController.m */ = {isa = PBXFileReference; fileEncoding = 4; lastKnownFileType = sourcecode.c.objc; path = CatalogueViewController.m; sourceTree = "<group>"; };
		222951F413EC4B5D001D174D /* CatalogueViewController.xib */ = {isa = PBXFileReference; fileEncoding = 4; lastKnownFileType = file.xib; path = CatalogueViewController.xib; sourceTree = "<group>"; };
		2229523113ECEA76001D174D /* Default-Portrait~ipad.png */ = {isa = PBXFileReference; lastKnownFileType = image.png; path = "Default-Portrait~ipad.png"; sourceTree = "<group>"; };
		2229523213ECEA76001D174D /* Default.png */ = {isa = PBXFileReference; lastKnownFileType = image.png; path = Default.png; sourceTree = "<group>"; };
		2229523313ECEA76001D174D /* Default@2x.png */ = {isa = PBXFileReference; lastKnownFileType = image.png; path = "Default@2x.png"; sourceTree = "<group>"; };
		2229524113ECEC0B001D174D /* NewsViewController.h */ = {isa = PBXFileReference; fileEncoding = 4; lastKnownFileType = sourcecode.c.h; path = NewsViewController.h; sourceTree = "<group>"; };
		2229524213ECEC0B001D174D /* NewsViewController.m */ = {isa = PBXFileReference; fileEncoding = 4; lastKnownFileType = sourcecode.c.objc; path = NewsViewController.m; sourceTree = "<group>"; };
		2229524313ECEC0B001D174D /* NewsViewController.xib */ = {isa = PBXFileReference; fileEncoding = 4; lastKnownFileType = file.xib; path = NewsViewController.xib; sourceTree = "<group>"; };
		2229526313ECEFB2001D174D /* go.png */ = {isa = PBXFileReference; lastKnownFileType = image.png; path = go.png; sourceTree = "<group>"; };
		2229526513ECEFF7001D174D /* catalog@2x.png */ = {isa = PBXFileReference; lastKnownFileType = image.png; path = "catalog@2x.png"; sourceTree = "<group>"; };
		2229526613ECEFF7001D174D /* images@2x.png */ = {isa = PBXFileReference; lastKnownFileType = image.png; path = "images@2x.png"; sourceTree = "<group>"; };
		2229526713ECEFF7001D174D /* news@2x.png */ = {isa = PBXFileReference; lastKnownFileType = image.png; path = "news@2x.png"; sourceTree = "<group>"; };
		2229526813ECEFF7001D174D /* radio@2x.png */ = {isa = PBXFileReference; lastKnownFileType = image.png; path = "radio@2x.png"; sourceTree = "<group>"; };
		2229526913ECEFF7001D174D /* recipes@2x.png */ = {isa = PBXFileReference; lastKnownFileType = image.png; path = "recipes@2x.png"; sourceTree = "<group>"; };
		2229526A13ECEFF7001D174D /* catalog.png */ = {isa = PBXFileReference; lastKnownFileType = image.png; path = catalog.png; sourceTree = "<group>"; };
		2229526B13ECEFF7001D174D /* images.png */ = {isa = PBXFileReference; lastKnownFileType = image.png; path = images.png; sourceTree = "<group>"; };
		2229526C13ECEFF7001D174D /* news.png */ = {isa = PBXFileReference; lastKnownFileType = image.png; path = news.png; sourceTree = "<group>"; };
		2229526D13ECEFF7001D174D /* radio.png */ = {isa = PBXFileReference; lastKnownFileType = image.png; path = radio.png; sourceTree = "<group>"; };
		2229526E13ECEFF7001D174D /* recipes.png */ = {isa = PBXFileReference; lastKnownFileType = image.png; path = recipes.png; sourceTree = "<group>"; };
		2229527A13ECF0E6001D174D /* catalog-nav~ipad.png */ = {isa = PBXFileReference; lastKnownFileType = image.png; path = "catalog-nav~ipad.png"; sourceTree = "<group>"; };
		2229527B13ECF0E6001D174D /* images-nav~ipad.png */ = {isa = PBXFileReference; lastKnownFileType = image.png; path = "images-nav~ipad.png"; sourceTree = "<group>"; };
		2229527C13ECF0E6001D174D /* news-nav~ipad.png */ = {isa = PBXFileReference; lastKnownFileType = image.png; path = "news-nav~ipad.png"; sourceTree = "<group>"; };
		2229527D13ECF0E6001D174D /* radio-nav~ipad.png */ = {isa = PBXFileReference; lastKnownFileType = image.png; path = "radio-nav~ipad.png"; sourceTree = "<group>"; };
		2229527E13ECF0E6001D174D /* recipes-nav~ipad.png */ = {isa = PBXFileReference; lastKnownFileType = image.png; path = "recipes-nav~ipad.png"; sourceTree = "<group>"; };
		2229527F13ECF0E6001D174D /* catalog-nav~iphone.png */ = {isa = PBXFileReference; lastKnownFileType = image.png; path = "catalog-nav~iphone.png"; sourceTree = "<group>"; };
		2229528013ECF0E6001D174D /* catalog-nav@2x~iphone.png */ = {isa = PBXFileReference; lastKnownFileType = image.png; path = "catalog-nav@2x~iphone.png"; sourceTree = "<group>"; };
		2229528113ECF0E6001D174D /* images-nav~iphone.png */ = {isa = PBXFileReference; lastKnownFileType = image.png; path = "images-nav~iphone.png"; sourceTree = "<group>"; };
		2229528213ECF0E6001D174D /* images-nav@2x~iphone.png */ = {isa = PBXFileReference; lastKnownFileType = image.png; path = "images-nav@2x~iphone.png"; sourceTree = "<group>"; };
		2229528313ECF0E6001D174D /* news-nav~iphone.png */ = {isa = PBXFileReference; lastKnownFileType = image.png; path = "news-nav~iphone.png"; sourceTree = "<group>"; };
		2229528413ECF0E6001D174D /* news-nav@2x~iphone.png */ = {isa = PBXFileReference; lastKnownFileType = image.png; path = "news-nav@2x~iphone.png"; sourceTree = "<group>"; };
		2229528513ECF0E6001D174D /* radio-nav~iphone.png */ = {isa = PBXFileReference; lastKnownFileType = image.png; path = "radio-nav~iphone.png"; sourceTree = "<group>"; };
		2229528613ECF0E6001D174D /* radio-nav@2x~iphone.png */ = {isa = PBXFileReference; lastKnownFileType = image.png; path = "radio-nav@2x~iphone.png"; sourceTree = "<group>"; };
		2229528713ECF0E6001D174D /* recipes-nav~iphone.png */ = {isa = PBXFileReference; lastKnownFileType = image.png; path = "recipes-nav~iphone.png"; sourceTree = "<group>"; };
		2229528813ECF0E6001D174D /* recipes-nav@2x~iphone.png */ = {isa = PBXFileReference; lastKnownFileType = image.png; path = "recipes-nav@2x~iphone.png"; sourceTree = "<group>"; };
		2229529813ECFC96001D174D /* QuartzCore.framework */ = {isa = PBXFileReference; lastKnownFileType = wrapper.framework; name = QuartzCore.framework; path = System/Library/Frameworks/QuartzCore.framework; sourceTree = SDKROOT; };
		222952AF13ECFFE1001D174D /* catalogue-banner~iphone.png */ = {isa = PBXFileReference; lastKnownFileType = image.png; path = "catalogue-banner~iphone.png"; sourceTree = "<group>"; };
		222952B013ECFFE1001D174D /* catalogue-banner~ipad.png */ = {isa = PBXFileReference; lastKnownFileType = image.png; path = "catalogue-banner~ipad.png"; sourceTree = "<group>"; };
		222952B113ECFFE1001D174D /* radio-banner~iphone.png */ = {isa = PBXFileReference; lastKnownFileType = image.png; path = "radio-banner~iphone.png"; sourceTree = "<group>"; };
		222952B213ECFFE1001D174D /* radio-banner~ipad.png */ = {isa = PBXFileReference; lastKnownFileType = image.png; path = "radio-banner~ipad.png"; sourceTree = "<group>"; };
		222952B313ECFFE1001D174D /* harvest~ipad.png */ = {isa = PBXFileReference; lastKnownFileType = image.png; path = "harvest~ipad.png"; sourceTree = "<group>"; };
		222952B413ECFFE1001D174D /* harvest~iphone.png */ = {isa = PBXFileReference; lastKnownFileType = image.png; path = "harvest~iphone.png"; sourceTree = "<group>"; };
		222952B513ECFFE1001D174D /* newport-pylons~ipad.png */ = {isa = PBXFileReference; lastKnownFileType = image.png; path = "newport-pylons~ipad.png"; sourceTree = "<group>"; };
		222952B613ECFFE1001D174D /* newport-pylons~iphone.png */ = {isa = PBXFileReference; lastKnownFileType = image.png; path = "newport-pylons~iphone.png"; sourceTree = "<group>"; };
		223545F9140F9340008940F4 /* en */ = {isa = PBXFileReference; lastKnownFileType = file.xib; name = en; path = "iPad/en.lproj/MainWindow-iPad.xib"; sourceTree = "<group>"; };
		223595D6140FE2C3004A08C8 /* RecipeItemViewController.h */ = {isa = PBXFileReference; fileEncoding = 4; lastKnownFileType = sourcecode.c.h; path = RecipeItemViewController.h; sourceTree = "<group>"; };
		223595D7140FE2C3004A08C8 /* RecipeItemViewController.m */ = {isa = PBXFileReference; fileEncoding = 4; lastKnownFileType = sourcecode.c.objc; path = RecipeItemViewController.m; sourceTree = "<group>"; };
		223595D8140FE2C3004A08C8 /* RecipeItemViewController.xib */ = {isa = PBXFileReference; fileEncoding = 4; lastKnownFileType = file.xib; path = RecipeItemViewController.xib; sourceTree = "<group>"; };
		224FBC2514076B5E00749E42 /* RadioItemViewController.h */ = {isa = PBXFileReference; fileEncoding = 4; lastKnownFileType = sourcecode.c.h; path = RadioItemViewController.h; sourceTree = "<group>"; };
		224FBC2614076B5E00749E42 /* RadioItemViewController.m */ = {isa = PBXFileReference; fileEncoding = 4; lastKnownFileType = sourcecode.c.objc; path = RadioItemViewController.m; sourceTree = "<group>"; };
		224FBC2814076B9C00749E42 /* RadioItemViewController.xib */ = {isa = PBXFileReference; fileEncoding = 4; lastKnownFileType = file.xib; path = RadioItemViewController.xib; sourceTree = "<group>"; };
		224FBC2B1407F9DB00749E42 /* RecipeCategoryItem.h */ = {isa = PBXFileReference; fileEncoding = 4; lastKnownFileType = sourcecode.c.h; path = RecipeCategoryItem.h; sourceTree = "<group>"; };
		224FBC2C1407F9DB00749E42 /* RecipeCategoryItem.m */ = {isa = PBXFileReference; fileEncoding = 4; lastKnownFileType = sourcecode.c.objc; path = RecipeCategoryItem.m; sourceTree = "<group>"; };
		224FBC2E1407FCF400749E42 /* RecipeCategoryList.h */ = {isa = PBXFileReference; fileEncoding = 4; lastKnownFileType = sourcecode.c.h; path = RecipeCategoryList.h; sourceTree = "<group>"; };
		224FBC2F1407FCF400749E42 /* RecipeCategoryList.m */ = {isa = PBXFileReference; fileEncoding = 4; lastKnownFileType = sourcecode.c.objc; path = RecipeCategoryList.m; sourceTree = "<group>"; };
		224FBC321407FE3700749E42 /* RecipeCategoryViewController.h */ = {isa = PBXFileReference; fileEncoding = 4; lastKnownFileType = sourcecode.c.h; path = RecipeCategoryViewController.h; sourceTree = "<group>"; };
		224FBC331407FE3700749E42 /* RecipeCategoryViewController.m */ = {isa = PBXFileReference; fileEncoding = 4; lastKnownFileType = sourcecode.c.objc; path = RecipeCategoryViewController.m; sourceTree = "<group>"; };
		224FBC341407FE3700749E42 /* RecipeCategoryViewController.xib */ = {isa = PBXFileReference; fileEncoding = 4; lastKnownFileType = file.xib; path = RecipeCategoryViewController.xib; sourceTree = "<group>"; };
		224FBC74140843AF00749E42 /* RecipeItem.h */ = {isa = PBXFileReference; fileEncoding = 4; lastKnownFileType = sourcecode.c.h; path = RecipeItem.h; sourceTree = "<group>"; };
		224FBC75140843AF00749E42 /* RecipeItem.m */ = {isa = PBXFileReference; fileEncoding = 4; lastKnownFileType = sourcecode.c.objc; path = RecipeItem.m; sourceTree = "<group>"; };
		224FBC781408C25500749E42 /* RecipeBookList.h */ = {isa = PBXFileReference; fileEncoding = 4; lastKnownFileType = sourcecode.c.h; path = RecipeBookList.h; sourceTree = "<group>"; };
		224FBC791408C25600749E42 /* RecipeBookList.m */ = {isa = PBXFileReference; fileEncoding = 4; lastKnownFileType = sourcecode.c.objc; path = RecipeBookList.m; sourceTree = "<group>"; };
		224FBC7B1408C47200749E42 /* RecipeCategories.plist */ = {isa = PBXFileReference; fileEncoding = 4; lastKnownFileType = text.plist.xml; path = RecipeCategories.plist; sourceTree = "<group>"; };
		224FBC7D140980AF00749E42 /* RecipeBookViewController.h */ = {isa = PBXFileReference; fileEncoding = 4; lastKnownFileType = sourcecode.c.h; path = RecipeBookViewController.h; sourceTree = "<group>"; };
		224FBC7E140980AF00749E42 /* RecipeBookViewController.m */ = {isa = PBXFileReference; fileEncoding = 4; lastKnownFileType = sourcecode.c.objc; path = RecipeBookViewController.m; sourceTree = "<group>"; };
		224FBC7F140980AF00749E42 /* RecipeBookViewController.xib */ = {isa = PBXFileReference; fileEncoding = 4; lastKnownFileType = file.xib; path = RecipeBookViewController.xib; sourceTree = "<group>"; };
		224FBC831409947B00749E42 /* ImageItem.h */ = {isa = PBXFileReference; fileEncoding = 4; lastKnownFileType = sourcecode.c.h; path = ImageItem.h; sourceTree = "<group>"; };
		224FBC841409947B00749E42 /* ImageItem.m */ = {isa = PBXFileReference; fileEncoding = 4; lastKnownFileType = sourcecode.c.objc; path = ImageItem.m; sourceTree = "<group>"; };
		224FBC861409957900749E42 /* ImageList.h */ = {isa = PBXFileReference; fileEncoding = 4; lastKnownFileType = sourcecode.c.h; path = ImageList.h; sourceTree = "<group>"; };
		224FBC871409957900749E42 /* ImageList.m */ = {isa = PBXFileReference; fileEncoding = 4; lastKnownFileType = sourcecode.c.objc; path = ImageList.m; sourceTree = "<group>"; };
		224FBC891409977B00749E42 /* GTMDefines.h */ = {isa = PBXFileReference; fileEncoding = 4; lastKnownFileType = sourcecode.c.h; path = GTMDefines.h; sourceTree = "<group>"; };
		224FBC8A1409977B00749E42 /* GTMNSString+URLArguments.h */ = {isa = PBXFileReference; fileEncoding = 4; lastKnownFileType = sourcecode.c.h; path = "GTMNSString+URLArguments.h"; sourceTree = "<group>"; };
		224FBC8B1409977B00749E42 /* GTMNSString+URLArguments.m */ = {isa = PBXFileReference; fileEncoding = 4; lastKnownFileType = sourcecode.c.objc; path = "GTMNSString+URLArguments.m"; sourceTree = "<group>"; };
		224FBC8C1409977B00749E42 /* GTMNSDictionary+URLArguments.h */ = {isa = PBXFileReference; fileEncoding = 4; lastKnownFileType = sourcecode.c.h; path = "GTMNSDictionary+URLArguments.h"; sourceTree = "<group>"; };
		224FBC8D1409977B00749E42 /* GTMNSDictionary+URLArguments.m */ = {isa = PBXFileReference; fileEncoding = 4; lastKnownFileType = sourcecode.c.objc; path = "GTMNSDictionary+URLArguments.m"; sourceTree = "<group>"; };
		224FBC901409987E00749E42 /* ImageGalleryViewController.h */ = {isa = PBXFileReference; fileEncoding = 4; lastKnownFileType = sourcecode.c.h; path = ImageGalleryViewController.h; sourceTree = "<group>"; };
		224FBC911409987F00749E42 /* ImageGalleryViewController.m */ = {isa = PBXFileReference; fileEncoding = 4; lastKnownFileType = sourcecode.c.objc; path = ImageGalleryViewController.m; sourceTree = "<group>"; };
		224FBC921409988100749E42 /* ImageGalleryViewController.xib */ = {isa = PBXFileReference; fileEncoding = 4; lastKnownFileType = file.xib; path = ImageGalleryViewController.xib; sourceTree = "<group>"; };
		226751FE140B4AFB00726FAE /* ImageScrollView.h */ = {isa = PBXFileReference; fileEncoding = 4; lastKnownFileType = sourcecode.c.h; path = ImageScrollView.h; sourceTree = "<group>"; };
		226751FF140B4AFB00726FAE /* ImageScrollView.m */ = {isa = PBXFileReference; fileEncoding = 4; lastKnownFileType = sourcecode.c.objc; path = ImageScrollView.m; sourceTree = "<group>"; };
		22675200140B4AFB00726FAE /* PhotoViewController.h */ = {isa = PBXFileReference; fileEncoding = 4; lastKnownFileType = sourcecode.c.h; path = PhotoViewController.h; sourceTree = "<group>"; };
		22675201140B4AFB00726FAE /* PhotoViewController.m */ = {isa = PBXFileReference; fileEncoding = 4; lastKnownFileType = sourcecode.c.objc; path = PhotoViewController.m; sourceTree = "<group>"; };
		22675207140B4DDE00726FAE /* PhotoViewController.xib */ = {isa = PBXFileReference; fileEncoding = 4; lastKnownFileType = file.xib; path = PhotoViewController.xib; sourceTree = "<group>"; };
		22720209140E4BDD005DD4B7 /* MessageUI.framework */ = {isa = PBXFileReference; lastKnownFileType = wrapper.framework; name = MessageUI.framework; path = System/Library/Frameworks/MessageUI.framework; sourceTree = SDKROOT; };
		227C56391414918900169F38 /* placeholder.png */ = {isa = PBXFileReference; lastKnownFileType = image.png; path = placeholder.png; sourceTree = "<group>"; };
		227C568E14163D9100169F38 /* TouchApplication.h */ = {isa = PBXFileReference; fileEncoding = 4; lastKnownFileType = sourcecode.c.h; path = TouchApplication.h; sourceTree = "<group>"; };
		227C568F14163D9200169F38 /* TouchApplication.m */ = {isa = PBXFileReference; fileEncoding = 4; lastKnownFileType = sourcecode.c.objc; path = TouchApplication.m; sourceTree = "<group>"; };
		227C5691141656DD00169F38 /* 16-play.png */ = {isa = PBXFileReference; lastKnownFileType = image.png; path = "16-play.png"; sourceTree = "<group>"; };
		227C5692141656DD00169F38 /* 16-play@2x.png */ = {isa = PBXFileReference; lastKnownFileType = image.png; path = "16-play@2x.png"; sourceTree = "<group>"; };
		227C5693141656DD00169F38 /* 17-pause.png */ = {isa = PBXFileReference; lastKnownFileType = image.png; path = "17-pause.png"; sourceTree = "<group>"; };
		227C5694141656DD00169F38 /* 17-pause@2x.png */ = {isa = PBXFileReference; lastKnownFileType = image.png; path = "17-pause@2x.png"; sourceTree = "<group>"; };
		22804A821407544B0083CE40 /* TJMImageResource.h */ = {isa = PBXFileReference; fileEncoding = 4; lastKnownFileType = sourcecode.c.h; path = TJMImageResource.h; sourceTree = "<group>"; };
		22804A831407544B0083CE40 /* TJMImageResource.m */ = {isa = PBXFileReference; fileEncoding = 4; lastKnownFileType = sourcecode.c.objc; path = TJMImageResource.m; sourceTree = "<group>"; };
		22804A841407544B0083CE40 /* TJMImageResourceManager.h */ = {isa = PBXFileReference; fileEncoding = 4; lastKnownFileType = sourcecode.c.h; path = TJMImageResourceManager.h; sourceTree = "<group>"; };
		22804A851407544B0083CE40 /* TJMImageResourceManager.m */ = {isa = PBXFileReference; fileEncoding = 4; lastKnownFileType = sourcecode.c.objc; path = TJMImageResourceManager.m; sourceTree = "<group>"; };
		22804A861407544B0083CE40 /* TJMImageResourceView.h */ = {isa = PBXFileReference; fileEncoding = 4; lastKnownFileType = sourcecode.c.h; path = TJMImageResourceView.h; sourceTree = "<group>"; };
		22804A871407544B0083CE40 /* TJMImageResourceView.m */ = {isa = PBXFileReference; fileEncoding = 4; lastKnownFileType = sourcecode.c.objc; path = TJMImageResourceView.m; sourceTree = "<group>"; };
		22A3E4A1140FC6AF00CF2B0B /* Icon.png */ = {isa = PBXFileReference; lastKnownFileType = image.png; name = Icon.png; path = ../Icon.png; sourceTree = "<group>"; };
		22A3E4A3140FC6BD00CF2B0B /* Icon@2x.png */ = {isa = PBXFileReference; lastKnownFileType = image.png; name = "Icon@2x.png"; path = "../Icon@2x.png"; sourceTree = "<group>"; };
		22A3E4A5140FC6CA00CF2B0B /* Icon-72.png */ = {isa = PBXFileReference; lastKnownFileType = image.png; name = "Icon-72.png"; path = "../Icon-72.png"; sourceTree = "<group>"; };
		22CB4B8713EDD640008968D6 /* AppManager.h */ = {isa = PBXFileReference; fileEncoding = 4; lastKnownFileType = sourcecode.c.h; path = AppManager.h; sourceTree = "<group>"; };
		22CB4B8813EDD641008968D6 /* AppManager.m */ = {isa = PBXFileReference; fileEncoding = 4; lastKnownFileType = sourcecode.c.objc; path = AppManager.m; sourceTree = "<group>"; };
		22CB4B8B13EDD69C008968D6 /* SynthesizeSingleton.h */ = {isa = PBXFileReference; fileEncoding = 4; lastKnownFileType = sourcecode.c.h; path = SynthesizeSingleton.h; sourceTree = "<group>"; };
		22CB4BD313EE417E008968D6 /* CXMLDocument_CreationExtensions.h */ = {isa = PBXFileReference; fileEncoding = 4; lastKnownFileType = sourcecode.c.h; path = CXMLDocument_CreationExtensions.h; sourceTree = "<group>"; };
		22CB4BD413EE417E008968D6 /* CXMLDocument_CreationExtensions.m */ = {isa = PBXFileReference; fileEncoding = 4; lastKnownFileType = sourcecode.c.objc; path = CXMLDocument_CreationExtensions.m; sourceTree = "<group>"; };
		22CB4BD513EE417E008968D6 /* CXMLNode_CreationExtensions.h */ = {isa = PBXFileReference; fileEncoding = 4; lastKnownFileType = sourcecode.c.h; path = CXMLNode_CreationExtensions.h; sourceTree = "<group>"; };
		22CB4BD613EE417E008968D6 /* CXMLNode_CreationExtensions.m */ = {isa = PBXFileReference; fileEncoding = 4; lastKnownFileType = sourcecode.c.objc; path = CXMLNode_CreationExtensions.m; sourceTree = "<group>"; };
		22CB4BD713EE417E008968D6 /* CXHTMLDocument.h */ = {isa = PBXFileReference; fileEncoding = 4; lastKnownFileType = sourcecode.c.h; path = CXHTMLDocument.h; sourceTree = "<group>"; };
		22CB4BD813EE417E008968D6 /* CXHTMLDocument.m */ = {isa = PBXFileReference; fileEncoding = 4; lastKnownFileType = sourcecode.c.objc; path = CXHTMLDocument.m; sourceTree = "<group>"; };
		22CB4BD913EE417E008968D6 /* CXMLDocument_PrivateExtensions.h */ = {isa = PBXFileReference; fileEncoding = 4; lastKnownFileType = sourcecode.c.h; path = CXMLDocument_PrivateExtensions.h; sourceTree = "<group>"; };
		22CB4BDA13EE417E008968D6 /* CXMLDocument_PrivateExtensions.m */ = {isa = PBXFileReference; fileEncoding = 4; lastKnownFileType = sourcecode.c.objc; path = CXMLDocument_PrivateExtensions.m; sourceTree = "<group>"; };
		22CB4BDB13EE417E008968D6 /* CXMLDocument.h */ = {isa = PBXFileReference; fileEncoding = 4; lastKnownFileType = sourcecode.c.h; path = CXMLDocument.h; sourceTree = "<group>"; };
		22CB4BDC13EE417E008968D6 /* CXMLDocument.m */ = {isa = PBXFileReference; fileEncoding = 4; lastKnownFileType = sourcecode.c.objc; path = CXMLDocument.m; sourceTree = "<group>"; };
		22CB4BDD13EE417E008968D6 /* CXMLElement_CreationExtensions.h */ = {isa = PBXFileReference; fileEncoding = 4; lastKnownFileType = sourcecode.c.h; path = CXMLElement_CreationExtensions.h; sourceTree = "<group>"; };
		22CB4BDE13EE417E008968D6 /* CXMLElement_CreationExtensions.m */ = {isa = PBXFileReference; fileEncoding = 4; lastKnownFileType = sourcecode.c.objc; path = CXMLElement_CreationExtensions.m; sourceTree = "<group>"; };
		22CB4BDF13EE417E008968D6 /* CXMLElement_ElementTreeExtensions.h */ = {isa = PBXFileReference; fileEncoding = 4; lastKnownFileType = sourcecode.c.h; path = CXMLElement_ElementTreeExtensions.h; sourceTree = "<group>"; };
		22CB4BE013EE417E008968D6 /* CXMLElement_ElementTreeExtensions.m */ = {isa = PBXFileReference; fileEncoding = 4; lastKnownFileType = sourcecode.c.objc; path = CXMLElement_ElementTreeExtensions.m; sourceTree = "<group>"; };
		22CB4BE113EE417E008968D6 /* CXMLElement.h */ = {isa = PBXFileReference; fileEncoding = 4; lastKnownFileType = sourcecode.c.h; path = CXMLElement.h; sourceTree = "<group>"; };
		22CB4BE213EE417E008968D6 /* CXMLElement.m */ = {isa = PBXFileReference; fileEncoding = 4; lastKnownFileType = sourcecode.c.objc; path = CXMLElement.m; sourceTree = "<group>"; };
		22CB4BE313EE417E008968D6 /* CXMLNamespaceNode.h */ = {isa = PBXFileReference; fileEncoding = 4; lastKnownFileType = sourcecode.c.h; path = CXMLNamespaceNode.h; sourceTree = "<group>"; };
		22CB4BE413EE417E008968D6 /* CXMLNamespaceNode.m */ = {isa = PBXFileReference; fileEncoding = 4; lastKnownFileType = sourcecode.c.objc; path = CXMLNamespaceNode.m; sourceTree = "<group>"; };
		22CB4BE513EE417E008968D6 /* CXMLNode_PrivateExtensions.h */ = {isa = PBXFileReference; fileEncoding = 4; lastKnownFileType = sourcecode.c.h; path = CXMLNode_PrivateExtensions.h; sourceTree = "<group>"; };
		22CB4BE613EE417E008968D6 /* CXMLNode_PrivateExtensions.m */ = {isa = PBXFileReference; fileEncoding = 4; lastKnownFileType = sourcecode.c.objc; path = CXMLNode_PrivateExtensions.m; sourceTree = "<group>"; };
		22CB4BE713EE417E008968D6 /* CXMLNode_XPathExtensions.h */ = {isa = PBXFileReference; fileEncoding = 4; lastKnownFileType = sourcecode.c.h; path = CXMLNode_XPathExtensions.h; sourceTree = "<group>"; };
		22CB4BE813EE417E008968D6 /* CXMLNode_XPathExtensions.m */ = {isa = PBXFileReference; fileEncoding = 4; lastKnownFileType = sourcecode.c.objc; path = CXMLNode_XPathExtensions.m; sourceTree = "<group>"; };
		22CB4BE913EE417E008968D6 /* CXMLNode.h */ = {isa = PBXFileReference; fileEncoding = 4; lastKnownFileType = sourcecode.c.h; path = CXMLNode.h; sourceTree = "<group>"; };
		22CB4BEA13EE417E008968D6 /* CXMLNode.m */ = {isa = PBXFileReference; fileEncoding = 4; lastKnownFileType = sourcecode.c.objc; path = CXMLNode.m; sourceTree = "<group>"; };
		22CB4BEC13EE417E008968D6 /* CTidy.h */ = {isa = PBXFileReference; fileEncoding = 4; lastKnownFileType = sourcecode.c.h; path = CTidy.h; sourceTree = "<group>"; };
		22CB4BED13EE417E008968D6 /* CTidy.m */ = {isa = PBXFileReference; fileEncoding = 4; lastKnownFileType = sourcecode.c.objc; path = CTidy.m; sourceTree = "<group>"; };
		22CB4BEE13EE417E008968D6 /* TouchXML.h */ = {isa = PBXFileReference; fileEncoding = 4; lastKnownFileType = sourcecode.c.h; path = TouchXML.h; sourceTree = "<group>"; };
		22CB4BFE13EE493D008968D6 /* FeedItem.h */ = {isa = PBXFileReference; fileEncoding = 4; lastKnownFileType = sourcecode.c.h; path = FeedItem.h; sourceTree = "<group>"; };
		22CB4BFF13EE493D008968D6 /* FeedItem.m */ = {isa = PBXFileReference; fileEncoding = 4; lastKnownFileType = sourcecode.c.objc; path = FeedItem.m; sourceTree = "<group>"; };
		22CB4C0013EE493D008968D6 /* FeedList.h */ = {isa = PBXFileReference; fileEncoding = 4; lastKnownFileType = sourcecode.c.h; path = FeedList.h; sourceTree = "<group>"; };
		22CB4C0113EE493D008968D6 /* FeedList.m */ = {isa = PBXFileReference; fileEncoding = 4; lastKnownFileType = sourcecode.c.objc; path = FeedList.m; sourceTree = "<group>"; };
		22CB4C0913EE4A41008968D6 /* UIApplication+TJMNetworkActivity.h */ = {isa = PBXFileReference; fileEncoding = 4; lastKnownFileType = sourcecode.c.h; path = "UIApplication+TJMNetworkActivity.h"; sourceTree = "<group>"; };
		22CB4C0A13EE4A41008968D6 /* UIApplication+TJMNetworkActivity.m */ = {isa = PBXFileReference; fileEncoding = 4; lastKnownFileType = sourcecode.c.objc; path = "UIApplication+TJMNetworkActivity.m"; sourceTree = "<group>"; };
		22CB4C0C13EE4A57008968D6 /* TJM_UIImage.h */ = {isa = PBXFileReference; fileEncoding = 4; lastKnownFileType = sourcecode.c.h; path = TJM_UIImage.h; sourceTree = "<group>"; };
		22CB4C0D13EE4A57008968D6 /* TJM_UIImage.m */ = {isa = PBXFileReference; fileEncoding = 4; lastKnownFileType = sourcecode.c.objc; path = TJM_UIImage.m; sourceTree = "<group>"; };
		22CB4C1213EE4CFA008968D6 /* NewsList.h */ = {isa = PBXFileReference; fileEncoding = 4; lastKnownFileType = sourcecode.c.h; path = NewsList.h; sourceTree = "<group>"; };
		22CB4C1313EE4CFA008968D6 /* NewsList.m */ = {isa = PBXFileReference; fileEncoding = 4; lastKnownFileType = sourcecode.c.objc; path = NewsList.m; sourceTree = "<group>"; };
		22CB4C1413EE4CFA008968D6 /* NewsItem.h */ = {isa = PBXFileReference; fileEncoding = 4; lastKnownFileType = sourcecode.c.h; path = NewsItem.h; sourceTree = "<group>"; };
		22CB4C1513EE4CFA008968D6 /* NewsItem.m */ = {isa = PBXFileReference; fileEncoding = 4; lastKnownFileType = sourcecode.c.objc; path = NewsItem.m; sourceTree = "<group>"; };
		22CB4C1813EEBC55008968D6 /* WebsiteViewController.h */ = {isa = PBXFileReference; fileEncoding = 4; lastKnownFileType = sourcecode.c.h; path = WebsiteViewController.h; sourceTree = "<group>"; };
		22CB4C1913EEBC55008968D6 /* WebsiteViewController.m */ = {isa = PBXFileReference; fileEncoding = 4; lastKnownFileType = sourcecode.c.objc; path = WebsiteViewController.m; sourceTree = "<group>"; };
		22CB4C1B13EEBC6C008968D6 /* WebsiteViewController.xib */ = {isa = PBXFileReference; fileEncoding = 4; lastKnownFileType = file.xib; path = WebsiteViewController.xib; sourceTree = "<group>"; };
		22CB4C1E13EEBF74008968D6 /* Arrow-Left_greystate.png */ = {isa = PBXFileReference; lastKnownFileType = image.png; path = "Arrow-Left_greystate.png"; sourceTree = "<group>"; };
		22CB4C1F13EEBF74008968D6 /* Arrow-Right_greystate.png */ = {isa = PBXFileReference; lastKnownFileType = image.png; path = "Arrow-Right_greystate.png"; sourceTree = "<group>"; };
		22CB4C2013EEBF74008968D6 /* Arrow-Right_greystate@2x.png */ = {isa = PBXFileReference; lastKnownFileType = image.png; path = "Arrow-Right_greystate@2x.png"; sourceTree = "<group>"; };
		22CB4C2113EEBF74008968D6 /* Arrow-Left_greystate@2x.png */ = {isa = PBXFileReference; lastKnownFileType = image.png; path = "Arrow-Left_greystate@2x.png"; sourceTree = "<group>"; };
		22CB4C2213EEBF74008968D6 /* Arrow-Left@2x.png */ = {isa = PBXFileReference; lastKnownFileType = image.png; path = "Arrow-Left@2x.png"; sourceTree = "<group>"; };
		22CB4C2313EEBF74008968D6 /* Arrow-Right@2x.png */ = {isa = PBXFileReference; lastKnownFileType = image.png; path = "Arrow-Right@2x.png"; sourceTree = "<group>"; };
		22CB4C2413EEBF74008968D6 /* Arrow-Right.png */ = {isa = PBXFileReference; lastKnownFileType = image.png; path = "Arrow-Right.png"; sourceTree = "<group>"; };
		22CB4C2513EEBF74008968D6 /* Arrow-Left.png */ = {isa = PBXFileReference; lastKnownFileType = image.png; path = "Arrow-Left.png"; sourceTree = "<group>"; };
		22CB4C3313EFC9CE008968D6 /* CatalogueItem.h */ = {isa = PBXFileReference; fileEncoding = 4; lastKnownFileType = sourcecode.c.h; path = CatalogueItem.h; sourceTree = "<group>"; };
		22CB4C3413EFC9CE008968D6 /* CatalogueItem.m */ = {isa = PBXFileReference; fileEncoding = 4; lastKnownFileType = sourcecode.c.objc; path = CatalogueItem.m; sourceTree = "<group>"; };
		22CB4C3613EFD80A008968D6 /* CatalogueList.h */ = {isa = PBXFileReference; fileEncoding = 4; lastKnownFileType = sourcecode.c.h; path = CatalogueList.h; sourceTree = "<group>"; };
		22CB4C3713EFD80B008968D6 /* CatalogueList.m */ = {isa = PBXFileReference; fileEncoding = 4; lastKnownFileType = sourcecode.c.objc; path = CatalogueList.m; sourceTree = "<group>"; };
		22CB4C3913EFE2EA008968D6 /* TJMAudioCenter.h */ = {isa = PBXFileReference; fileEncoding = 4; lastKnownFileType = sourcecode.c.h; path = TJMAudioCenter.h; sourceTree = "<group>"; };
		22CB4C3A13EFE2EB008968D6 /* TJMAudioCenter.m */ = {isa = PBXFileReference; fileEncoding = 4; lastKnownFileType = sourcecode.c.objc; path = TJMAudioCenter.m; sourceTree = "<group>"; };
		22CB4C3C13EFE382008968D6 /* AVFoundation.framework */ = {isa = PBXFileReference; lastKnownFileType = wrapper.framework; name = AVFoundation.framework; path = System/Library/Frameworks/AVFoundation.framework; sourceTree = SDKROOT; };
		22CB4C3E13EFE38E008968D6 /* CoreMedia.framework */ = {isa = PBXFileReference; lastKnownFileType = wrapper.framework; name = CoreMedia.framework; path = System/Library/Frameworks/CoreMedia.framework; sourceTree = SDKROOT; };
		22CB4C4513EFE651008968D6 /* CatalogueItemViewController.h */ = {isa = PBXFileReference; fileEncoding = 4; lastKnownFileType = sourcecode.c.h; path = CatalogueItemViewController.h; sourceTree = "<group>"; };
		22CB4C4613EFE652008968D6 /* CatalogueItemViewController.m */ = {isa = PBXFileReference; fileEncoding = 4; lastKnownFileType = sourcecode.c.objc; path = CatalogueItemViewController.m; sourceTree = "<group>"; };
		22CB4C4713EFE653008968D6 /* CatalogueItemViewController.xib */ = {isa = PBXFileReference; fileEncoding = 4; lastKnownFileType = file.xib; path = CatalogueItemViewController.xib; sourceTree = "<group>"; };
		22CB4C4B13EFE96F008968D6 /* blackbutton.png */ = {isa = PBXFileReference; lastKnownFileType = image.png; path = blackbutton.png; sourceTree = "<group>"; };
		22CB4C4C13EFE96F008968D6 /* buyButtonGreen.png */ = {isa = PBXFileReference; lastKnownFileType = image.png; path = buyButtonGreen.png; sourceTree = "<group>"; };
		22CB4C6013F08E8E008968D6 /* ipad.css */ = {isa = PBXFileReference; fileEncoding = 4; lastKnownFileType = text.css; path = ipad.css; sourceTree = "<group>"; };
		22CB4C6113F08E8F008968D6 /* mobile.css */ = {isa = PBXFileReference; fileEncoding = 4; lastKnownFileType = text.css; path = mobile.css; sourceTree = "<group>"; };
		22CB4C7013F0966F008968D6 /* RadioItem.h */ = {isa = PBXFileReference; fileEncoding = 4; lastKnownFileType = sourcecode.c.h; path = RadioItem.h; sourceTree = "<group>"; };
		22CB4C7113F0966F008968D6 /* RadioItem.m */ = {isa = PBXFileReference; fileEncoding = 4; lastKnownFileType = sourcecode.c.objc; path = RadioItem.m; sourceTree = "<group>"; };
		22CB4CB613F1248D008968D6 /* RadioList.h */ = {isa = PBXFileReference; fileEncoding = 4; lastKnownFileType = sourcecode.c.h; path = RadioList.h; sourceTree = "<group>"; };
		22CB4CB713F1248D008968D6 /* RadioList.m */ = {isa = PBXFileReference; fileEncoding = 4; lastKnownFileType = sourcecode.c.objc; path = RadioList.m; sourceTree = "<group>"; };
		22CB4CBB13F12BDA008968D6 /* RadioViewController.h */ = {isa = PBXFileReference; fileEncoding = 4; lastKnownFileType = sourcecode.c.h; path = RadioViewController.h; sourceTree = "<group>"; };
		22CB4CBC13F12BDA008968D6 /* RadioViewController.m */ = {isa = PBXFileReference; fileEncoding = 4; lastKnownFileType = sourcecode.c.objc; path = RadioViewController.m; sourceTree = "<group>"; };
		22CB4CBD13F12BDA008968D6 /* RadioViewController.xib */ = {isa = PBXFileReference; fileEncoding = 4; lastKnownFileType = file.xib; path = RadioViewController.xib; sourceTree = "<group>"; };
/* End PBXFileReference section */

/* Begin PBXFrameworksBuildPhase section */
		222951BF13EC496F001D174D /* Frameworks */ = {
			isa = PBXFrameworksBuildPhase;
			buildActionMask = 2147483647;
			files = (
				2272020A140E4BDD005DD4B7 /* MessageUI.framework in Frameworks */,
				22CB4C3F13EFE38F008968D6 /* CoreMedia.framework in Frameworks */,
				22CB4C3D13EFE383008968D6 /* AVFoundation.framework in Frameworks */,
				2229529913ECFC96001D174D /* QuartzCore.framework in Frameworks */,
				222951C713EC496F001D174D /* UIKit.framework in Frameworks */,
				222951C913EC496F001D174D /* Foundation.framework in Frameworks */,
				222951CB13EC496F001D174D /* CoreGraphics.framework in Frameworks */,
			);
			runOnlyForDeploymentPostprocessing = 0;
		};
/* End PBXFrameworksBuildPhase section */

/* Begin PBXGroup section */
		222951B713EC496F001D174D = {
			isa = PBXGroup;
			children = (
				222951CC13EC496F001D174D /* TouchApp */,
				22CB4BFC13EE47FC008968D6 /* libs */,
				222951C513EC496F001D174D /* Frameworks */,
				222951C313EC496F001D174D /* Products */,
			);
			sourceTree = "<group>";
		};
		222951C313EC496F001D174D /* Products */ = {
			isa = PBXGroup;
			children = (
				222951C213EC496F001D174D /* TouchApp.app */,
			);
			name = Products;
			sourceTree = "<group>";
		};
		222951C513EC496F001D174D /* Frameworks */ = {
			isa = PBXGroup;
			children = (
				22720209140E4BDD005DD4B7 /* MessageUI.framework */,
				22CB4C3E13EFE38E008968D6 /* CoreMedia.framework */,
				22CB4C3C13EFE382008968D6 /* AVFoundation.framework */,
				2229529813ECFC96001D174D /* QuartzCore.framework */,
				222951C613EC496F001D174D /* UIKit.framework */,
				222951C813EC496F001D174D /* Foundation.framework */,
				222951CA13EC496F001D174D /* CoreGraphics.framework */,
			);
			name = Frameworks;
			sourceTree = "<group>";
		};
		222951CC13EC496F001D174D /* TouchApp */ = {
			isa = PBXGroup;
			children = (
				226751FD140B4AE400726FAE /* photoscroller */,
				22CB4C0813EE4A30008968D6 /* categories */,
				22CB4B8A13EDD678008968D6 /* globals */,
				22CB4C1013EE4BC1008968D6 /* models */,
				222951F113EC49F2001D174D /* controllers */,
				222951CD13EC496F001D174D /* Supporting Files */,
				2229523013ECEA5E001D174D /* gfx */,
			);
			path = TouchApp;
			sourceTree = "<group>";
		};
		222951CD13EC496F001D174D /* Supporting Files */ = {
			isa = PBXGroup;
			children = (
				222951CE13EC496F001D174D /* TouchApp-Info.plist */,
				224FBC7B1408C47200749E42 /* RecipeCategories.plist */,
				222951CF13EC496F001D174D /* InfoPlist.strings */,
				222951D213EC496F001D174D /* main.m */,
				222951D413EC496F001D174D /* TouchApp-Prefix.pch */,
			);
			name = "Supporting Files";
			sourceTree = "<group>";
		};
		222951F113EC49F2001D174D /* controllers */ = {
			isa = PBXGroup;
			children = (
				224FBC951409989800749E42 /* images */,
				224FBC311407FDB100749E42 /* recipes */,
				22CB4CBA13F12BA4008968D6 /* Radio */,
				22CB4C4A13EFE847008968D6 /* Catalogue */,
				22CB4CB913F12B2D008968D6 /* News */,
			);
			name = controllers;
			sourceTree = "<group>";
		};
		2229523013ECEA5E001D174D /* gfx */ = {
			isa = PBXGroup;
			children = (
				227C5699141656E600169F38 /* pauseplay */,
				22CB4C1D13EEBF62008968D6 /* buttons */,
				222952AE13ECFFB9001D174D /* tableBanners */,
				2229527913ECF0B8001D174D /* navBar images */,
				2229526213ECEF9B001D174D /* disclosure */,
				2229524D13ECEF32001D174D /* tabBar icons */,
				2229524C13ECEF0D001D174D /* icons */,
				2229524A13ECEEF8001D174D /* Default Images */,
			);
			name = gfx;
			sourceTree = "<group>";
		};
		2229524A13ECEEF8001D174D /* Default Images */ = {
			isa = PBXGroup;
			children = (
				2229523113ECEA76001D174D /* Default-Portrait~ipad.png */,
				2229523213ECEA76001D174D /* Default.png */,
				2229523313ECEA76001D174D /* Default@2x.png */,
			);
			name = "Default Images";
			sourceTree = "<group>";
		};
		2229524C13ECEF0D001D174D /* icons */ = {
			isa = PBXGroup;
			children = (
				22A3E4A5140FC6CA00CF2B0B /* Icon-72.png */,
				22A3E4A3140FC6BD00CF2B0B /* Icon@2x.png */,
				22A3E4A1140FC6AF00CF2B0B /* Icon.png */,
			);
			name = icons;
			sourceTree = "<group>";
		};
		2229524D13ECEF32001D174D /* tabBar icons */ = {
			isa = PBXGroup;
			children = (
				2229526513ECEFF7001D174D /* catalog@2x.png */,
				2229526613ECEFF7001D174D /* images@2x.png */,
				2229526713ECEFF7001D174D /* news@2x.png */,
				2229526813ECEFF7001D174D /* radio@2x.png */,
				2229526913ECEFF7001D174D /* recipes@2x.png */,
				2229526A13ECEFF7001D174D /* catalog.png */,
				2229526B13ECEFF7001D174D /* images.png */,
				2229526C13ECEFF7001D174D /* news.png */,
				2229526D13ECEFF7001D174D /* radio.png */,
				2229526E13ECEFF7001D174D /* recipes.png */,
			);
			name = "tabBar icons";
			sourceTree = "<group>";
		};
		2229526213ECEF9B001D174D /* disclosure */ = {
			isa = PBXGroup;
			children = (
				2229526313ECEFB2001D174D /* go.png */,
			);
			name = disclosure;
			sourceTree = "<group>";
		};
		2229527913ECF0B8001D174D /* navBar images */ = {
			isa = PBXGroup;
			children = (
				2229527A13ECF0E6001D174D /* catalog-nav~ipad.png */,
				2229527B13ECF0E6001D174D /* images-nav~ipad.png */,
				2229527C13ECF0E6001D174D /* news-nav~ipad.png */,
				2229527D13ECF0E6001D174D /* radio-nav~ipad.png */,
				2229527E13ECF0E6001D174D /* recipes-nav~ipad.png */,
				2229527F13ECF0E6001D174D /* catalog-nav~iphone.png */,
				2229528013ECF0E6001D174D /* catalog-nav@2x~iphone.png */,
				2229528113ECF0E6001D174D /* images-nav~iphone.png */,
				2229528213ECF0E6001D174D /* images-nav@2x~iphone.png */,
				2229528313ECF0E6001D174D /* news-nav~iphone.png */,
				2229528413ECF0E6001D174D /* news-nav@2x~iphone.png */,
				2229528513ECF0E6001D174D /* radio-nav~iphone.png */,
				2229528613ECF0E6001D174D /* radio-nav@2x~iphone.png */,
				2229528713ECF0E6001D174D /* recipes-nav~iphone.png */,
				2229528813ECF0E6001D174D /* recipes-nav@2x~iphone.png */,
			);
			name = "navBar images";
			sourceTree = "<group>";
		};
		222952AE13ECFFB9001D174D /* tableBanners */ = {
			isa = PBXGroup;
			children = (
				222952AF13ECFFE1001D174D /* catalogue-banner~iphone.png */,
				222952B013ECFFE1001D174D /* catalogue-banner~ipad.png */,
				222952B113ECFFE1001D174D /* radio-banner~iphone.png */,
				222952B213ECFFE1001D174D /* radio-banner~ipad.png */,
				222952B313ECFFE1001D174D /* harvest~ipad.png */,
				222952B413ECFFE1001D174D /* harvest~iphone.png */,
				222952B513ECFFE1001D174D /* newport-pylons~ipad.png */,
				222952B613ECFFE1001D174D /* newport-pylons~iphone.png */,
			);
			name = tableBanners;
			sourceTree = "<group>";
		};
		224FBBEB14076A5A00749E42 /* AudioCenter */ = {
			isa = PBXGroup;
			children = (
				22CB4C3913EFE2EA008968D6 /* TJMAudioCenter.h */,
				22CB4C3A13EFE2EB008968D6 /* TJMAudioCenter.m */,
			);
			name = AudioCenter;
			sourceTree = "<group>";
		};
		224FBC2A1407F9AE00749E42 /* recipes */ = {
			isa = PBXGroup;
			children = (
				224FBC2B1407F9DB00749E42 /* RecipeCategoryItem.h */,
				224FBC2C1407F9DB00749E42 /* RecipeCategoryItem.m */,
				224FBC2E1407FCF400749E42 /* RecipeCategoryList.h */,
				224FBC2F1407FCF400749E42 /* RecipeCategoryList.m */,
				224FBC74140843AF00749E42 /* RecipeItem.h */,
				224FBC75140843AF00749E42 /* RecipeItem.m */,
				224FBC781408C25500749E42 /* RecipeBookList.h */,
				224FBC791408C25600749E42 /* RecipeBookList.m */,
			);
			name = recipes;
			sourceTree = "<group>";
		};
		224FBC311407FDB100749E42 /* recipes */ = {
			isa = PBXGroup;
			children = (
				224FBC7D140980AF00749E42 /* RecipeBookViewController.h */,
				224FBC7E140980AF00749E42 /* RecipeBookViewController.m */,
				224FBC7F140980AF00749E42 /* RecipeBookViewController.xib */,
				224FBC321407FE3700749E42 /* RecipeCategoryViewController.h */,
				224FBC331407FE3700749E42 /* RecipeCategoryViewController.m */,
				224FBC341407FE3700749E42 /* RecipeCategoryViewController.xib */,
				223595D6140FE2C3004A08C8 /* RecipeItemViewController.h */,
				223595D7140FE2C3004A08C8 /* RecipeItemViewController.m */,
				223595D8140FE2C3004A08C8 /* RecipeItemViewController.xib */,
			);
			name = recipes;
			sourceTree = "<group>";
		};
		224FBC821409945200749E42 /* images */ = {
			isa = PBXGroup;
			children = (
				224FBC831409947B00749E42 /* ImageItem.h */,
				224FBC841409947B00749E42 /* ImageItem.m */,
				224FBC861409957900749E42 /* ImageList.h */,
				224FBC871409957900749E42 /* ImageList.m */,
			);
			name = images;
			sourceTree = "<group>";
		};
		224FBC951409989800749E42 /* images */ = {
			isa = PBXGroup;
			children = (
				224FBC901409987E00749E42 /* ImageGalleryViewController.h */,
				224FBC911409987F00749E42 /* ImageGalleryViewController.m */,
				224FBC921409988100749E42 /* ImageGalleryViewController.xib */,
			);
			name = images;
			sourceTree = "<group>";
		};
		226751FD140B4AE400726FAE /* photoscroller */ = {
			isa = PBXGroup;
			children = (
				226751FE140B4AFB00726FAE /* ImageScrollView.h */,
				226751FF140B4AFB00726FAE /* ImageScrollView.m */,
				22675200140B4AFB00726FAE /* PhotoViewController.h */,
				22675201140B4AFB00726FAE /* PhotoViewController.m */,
				22675207140B4DDE00726FAE /* PhotoViewController.xib */,
			);
			name = photoscroller;
			sourceTree = "<group>";
		};
		227C5699141656E600169F38 /* pauseplay */ = {
			isa = PBXGroup;
			children = (
				227C5691141656DD00169F38 /* 16-play.png */,
				227C5692141656DD00169F38 /* 16-play@2x.png */,
				227C5693141656DD00169F38 /* 17-pause.png */,
				227C5694141656DD00169F38 /* 17-pause@2x.png */,
			);
			name = pauseplay;
			sourceTree = "<group>";
		};
		22804A8C140754600083CE40 /* ImageResource */ = {
			isa = PBXGroup;
			children = (
				22804A821407544B0083CE40 /* TJMImageResource.h */,
				22804A831407544B0083CE40 /* TJMImageResource.m */,
				22804A841407544B0083CE40 /* TJMImageResourceManager.h */,
				22804A851407544B0083CE40 /* TJMImageResourceManager.m */,
				22804A861407544B0083CE40 /* TJMImageResourceView.h */,
				22804A871407544B0083CE40 /* TJMImageResourceView.m */,
			);
			name = ImageResource;
			sourceTree = "<group>";
		};
		22CB4B8A13EDD678008968D6 /* globals */ = {
			isa = PBXGroup;
			children = (
				224FBBEB14076A5A00749E42 /* AudioCenter */,
				22804A8C140754600083CE40 /* ImageResource */,
				222951D513EC496F001D174D /* TouchAppAppDelegate.h */,
				222951D613EC496F001D174D /* TouchAppAppDelegate.m */,
				222951D813EC496F001D174D /* MainWindow.xib */,
				223545F8140F9340008940F4 /* MainWindow-iPad.xib */,
				22CB4B8B13EDD69C008968D6 /* SynthesizeSingleton.h */,
				22CB4B8713EDD640008968D6 /* AppManager.h */,
				22CB4B8813EDD641008968D6 /* AppManager.m */,
				227C568E14163D9100169F38 /* TouchApplication.h */,
				227C568F14163D9200169F38 /* TouchApplication.m */,
			);
			name = globals;
			sourceTree = "<group>";
		};
		22CB4BB513EE4113008968D6 /* TouchXML */ = {
			isa = PBXGroup;
			children = (
				22CB4BD213EE417E008968D6 /* Creation */,
				22CB4BD713EE417E008968D6 /* CXHTMLDocument.h */,
				22CB4BD813EE417E008968D6 /* CXHTMLDocument.m */,
				22CB4BD913EE417E008968D6 /* CXMLDocument_PrivateExtensions.h */,
				22CB4BDA13EE417E008968D6 /* CXMLDocument_PrivateExtensions.m */,
				22CB4BDB13EE417E008968D6 /* CXMLDocument.h */,
				22CB4BDC13EE417E008968D6 /* CXMLDocument.m */,
				22CB4BDD13EE417E008968D6 /* CXMLElement_CreationExtensions.h */,
				22CB4BDE13EE417E008968D6 /* CXMLElement_CreationExtensions.m */,
				22CB4BDF13EE417E008968D6 /* CXMLElement_ElementTreeExtensions.h */,
				22CB4BE013EE417E008968D6 /* CXMLElement_ElementTreeExtensions.m */,
				22CB4BE113EE417E008968D6 /* CXMLElement.h */,
				22CB4BE213EE417E008968D6 /* CXMLElement.m */,
				22CB4BE313EE417E008968D6 /* CXMLNamespaceNode.h */,
				22CB4BE413EE417E008968D6 /* CXMLNamespaceNode.m */,
				22CB4BE513EE417E008968D6 /* CXMLNode_PrivateExtensions.h */,
				22CB4BE613EE417E008968D6 /* CXMLNode_PrivateExtensions.m */,
				22CB4BE713EE417E008968D6 /* CXMLNode_XPathExtensions.h */,
				22CB4BE813EE417E008968D6 /* CXMLNode_XPathExtensions.m */,
				22CB4BE913EE417E008968D6 /* CXMLNode.h */,
				22CB4BEA13EE417E008968D6 /* CXMLNode.m */,
				22CB4BEB13EE417E008968D6 /* Tidy */,
				22CB4BEE13EE417E008968D6 /* TouchXML.h */,
			);
			name = TouchXML;
			sourceTree = "<group>";
		};
		22CB4BD213EE417E008968D6 /* Creation */ = {
			isa = PBXGroup;
			children = (
				22CB4BD313EE417E008968D6 /* CXMLDocument_CreationExtensions.h */,
				22CB4BD413EE417E008968D6 /* CXMLDocument_CreationExtensions.m */,
				22CB4BD513EE417E008968D6 /* CXMLNode_CreationExtensions.h */,
				22CB4BD613EE417E008968D6 /* CXMLNode_CreationExtensions.m */,
			);
			path = Creation;
			sourceTree = "<group>";
		};
		22CB4BEB13EE417E008968D6 /* Tidy */ = {
			isa = PBXGroup;
			children = (
				22CB4BEC13EE417E008968D6 /* CTidy.h */,
				22CB4BED13EE417E008968D6 /* CTidy.m */,
			);
			path = Tidy;
			sourceTree = "<group>";
		};
		22CB4BFC13EE47FC008968D6 /* libs */ = {
			isa = PBXGroup;
			children = (
				22CB4BB513EE4113008968D6 /* TouchXML */,
			);
			name = libs;
			path = TouchApp;
			sourceTree = "<group>";
		};
		22CB4BFD13EE4876008968D6 /* feeds */ = {
			isa = PBXGroup;
			children = (
				22CB4C0F13EE4BAC008968D6 /* base */,
				224FBC821409945200749E42 /* images */,
				224FBC2A1407F9AE00749E42 /* recipes */,
				22CB4C6F13F09637008968D6 /* radio */,
				22CB4C3213EFC98B008968D6 /* catalog */,
				22CB4C1113EE4CEB008968D6 /* news */,
			);
			name = feeds;
			sourceTree = "<group>";
		};
		22CB4C0813EE4A30008968D6 /* categories */ = {
			isa = PBXGroup;
			children = (
				224FBC891409977B00749E42 /* GTMDefines.h */,
				224FBC8A1409977B00749E42 /* GTMNSString+URLArguments.h */,
				224FBC8B1409977B00749E42 /* GTMNSString+URLArguments.m */,
				224FBC8C1409977B00749E42 /* GTMNSDictionary+URLArguments.h */,
				224FBC8D1409977B00749E42 /* GTMNSDictionary+URLArguments.m */,
				22CB4C0C13EE4A57008968D6 /* TJM_UIImage.h */,
				22CB4C0D13EE4A57008968D6 /* TJM_UIImage.m */,
				22CB4C0913EE4A41008968D6 /* UIApplication+TJMNetworkActivity.h */,
				22CB4C0A13EE4A41008968D6 /* UIApplication+TJMNetworkActivity.m */,
			);
			name = categories;
			sourceTree = "<group>";
		};
		22CB4C0F13EE4BAC008968D6 /* base */ = {
			isa = PBXGroup;
			children = (
				22CB4BFE13EE493D008968D6 /* FeedItem.h */,
				22CB4BFF13EE493D008968D6 /* FeedItem.m */,
				22CB4C0013EE493D008968D6 /* FeedList.h */,
				22CB4C0113EE493D008968D6 /* FeedList.m */,
			);
			name = base;
			sourceTree = "<group>";
		};
		22CB4C1013EE4BC1008968D6 /* models */ = {
			isa = PBXGroup;
			children = (
				22CB4BFD13EE4876008968D6 /* feeds */,
			);
			name = models;
			sourceTree = "<group>";
		};
		22CB4C1113EE4CEB008968D6 /* news */ = {
			isa = PBXGroup;
			children = (
				22CB4C1213EE4CFA008968D6 /* NewsList.h */,
				22CB4C1313EE4CFA008968D6 /* NewsList.m */,
				22CB4C1413EE4CFA008968D6 /* NewsItem.h */,
				22CB4C1513EE4CFA008968D6 /* NewsItem.m */,
				22CB4C6013F08E8E008968D6 /* ipad.css */,
				22CB4C6113F08E8F008968D6 /* mobile.css */,
			);
			name = news;
			sourceTree = "<group>";
		};
		22CB4C1D13EEBF62008968D6 /* buttons */ = {
			isa = PBXGroup;
			children = (
				227C56391414918900169F38 /* placeholder.png */,
				22CB4C4B13EFE96F008968D6 /* blackbutton.png */,
				22CB4C4C13EFE96F008968D6 /* buyButtonGreen.png */,
				22CB4C1E13EEBF74008968D6 /* Arrow-Left_greystate.png */,
				22CB4C1F13EEBF74008968D6 /* Arrow-Right_greystate.png */,
				22CB4C2013EEBF74008968D6 /* Arrow-Right_greystate@2x.png */,
				22CB4C2113EEBF74008968D6 /* Arrow-Left_greystate@2x.png */,
				22CB4C2213EEBF74008968D6 /* Arrow-Left@2x.png */,
				22CB4C2313EEBF74008968D6 /* Arrow-Right@2x.png */,
				22CB4C2413EEBF74008968D6 /* Arrow-Right.png */,
				22CB4C2513EEBF74008968D6 /* Arrow-Left.png */,
			);
			name = buttons;
			sourceTree = "<group>";
		};
		22CB4C3213EFC98B008968D6 /* catalog */ = {
			isa = PBXGroup;
			children = (
				22CB4C3313EFC9CE008968D6 /* CatalogueItem.h */,
				22CB4C3413EFC9CE008968D6 /* CatalogueItem.m */,
				22CB4C3613EFD80A008968D6 /* CatalogueList.h */,
				22CB4C3713EFD80B008968D6 /* CatalogueList.m */,
			);
			name = catalog;
			sourceTree = "<group>";
		};
		22CB4C4A13EFE847008968D6 /* Catalogue */ = {
			isa = PBXGroup;
			children = (
				222951F213EC4B5D001D174D /* CatalogueViewController.h */,
				222951F313EC4B5D001D174D /* CatalogueViewController.m */,
				222951F413EC4B5D001D174D /* CatalogueViewController.xib */,
				22CB4C4513EFE651008968D6 /* CatalogueItemViewController.h */,
				22CB4C4613EFE652008968D6 /* CatalogueItemViewController.m */,
				22CB4C4713EFE653008968D6 /* CatalogueItemViewController.xib */,
			);
			name = Catalogue;
			sourceTree = "<group>";
		};
		22CB4C6F13F09637008968D6 /* radio */ = {
			isa = PBXGroup;
			children = (
				22CB4C7013F0966F008968D6 /* RadioItem.h */,
				22CB4C7113F0966F008968D6 /* RadioItem.m */,
				22CB4CB613F1248D008968D6 /* RadioList.h */,
				22CB4CB713F1248D008968D6 /* RadioList.m */,
			);
			name = radio;
			sourceTree = "<group>";
		};
		22CB4CB913F12B2D008968D6 /* News */ = {
			isa = PBXGroup;
			children = (
				22CB4C1813EEBC55008968D6 /* WebsiteViewController.h */,
				22CB4C1913EEBC55008968D6 /* WebsiteViewController.m */,
				22CB4C1B13EEBC6C008968D6 /* WebsiteViewController.xib */,
				2229524113ECEC0B001D174D /* NewsViewController.h */,
				2229524213ECEC0B001D174D /* NewsViewController.m */,
				2229524313ECEC0B001D174D /* NewsViewController.xib */,
			);
			name = News;
			sourceTree = "<group>";
		};
		22CB4CBA13F12BA4008968D6 /* Radio */ = {
			isa = PBXGroup;
			children = (
				22CB4CBB13F12BDA008968D6 /* RadioViewController.h */,
				22CB4CBC13F12BDA008968D6 /* RadioViewController.m */,
				22CB4CBD13F12BDA008968D6 /* RadioViewController.xib */,
				224FBC2514076B5E00749E42 /* RadioItemViewController.h */,
				224FBC2614076B5E00749E42 /* RadioItemViewController.m */,
				224FBC2814076B9C00749E42 /* RadioItemViewController.xib */,
			);
			name = Radio;
			sourceTree = "<group>";
		};
/* End PBXGroup section */

/* Begin PBXNativeTarget section */
		222951C113EC496F001D174D /* TouchApp */ = {
			isa = PBXNativeTarget;
			buildConfigurationList = 222951E913EC496F001D174D /* Build configuration list for PBXNativeTarget "TouchApp" */;
			buildPhases = (
				222951BE13EC496F001D174D /* Sources */,
				222951BF13EC496F001D174D /* Frameworks */,
				222951C013EC496F001D174D /* Resources */,
			);
			buildRules = (
			);
			dependencies = (
			);
			name = TouchApp;
			productName = TouchApp;
			productReference = 222951C213EC496F001D174D /* TouchApp.app */;
			productType = "com.apple.product-type.application";
		};
/* End PBXNativeTarget section */

/* Begin PBXProject section */
		222951B913EC496F001D174D /* Project object */ = {
			isa = PBXProject;
			attributes = {
				ORGANIZATIONNAME = "ErgoThis Ltd";
			};
			buildConfigurationList = 222951BC13EC496F001D174D /* Build configuration list for PBXProject "TouchApp" */;
			compatibilityVersion = "Xcode 3.2";
			developmentRegion = English;
			hasScannedForEncodings = 0;
			knownRegions = (
				en,
			);
			mainGroup = 222951B713EC496F001D174D;
			productRefGroup = 222951C313EC496F001D174D /* Products */;
			projectDirPath = "";
			projectRoot = "";
			targets = (
				222951C113EC496F001D174D /* TouchApp */,
			);
		};
/* End PBXProject section */

/* Begin PBXResourcesBuildPhase section */
		222951C013EC496F001D174D /* Resources */ = {
			isa = PBXResourcesBuildPhase;
			buildActionMask = 2147483647;
			files = (
				222951D113EC496F001D174D /* InfoPlist.strings in Resources */,
				222951DA13EC496F001D174D /* MainWindow.xib in Resources */,
				222951F613EC4B5D001D174D /* CatalogueViewController.xib in Resources */,
				2229523713ECEA76001D174D /* Default-Portrait~ipad.png in Resources */,
				2229523813ECEA76001D174D /* Default.png in Resources */,
				2229523913ECEA76001D174D /* Default@2x.png in Resources */,
				2229524513ECEC0B001D174D /* NewsViewController.xib in Resources */,
				2229526413ECEFB2001D174D /* go.png in Resources */,
				2229526F13ECEFF7001D174D /* catalog@2x.png in Resources */,
				2229527013ECEFF7001D174D /* images@2x.png in Resources */,
				2229527113ECEFF7001D174D /* news@2x.png in Resources */,
				2229527213ECEFF7001D174D /* radio@2x.png in Resources */,
				2229527313ECEFF7001D174D /* recipes@2x.png in Resources */,
				2229527413ECEFF7001D174D /* catalog.png in Resources */,
				2229527513ECEFF7001D174D /* images.png in Resources */,
				2229527613ECEFF7001D174D /* news.png in Resources */,
				2229527713ECEFF7001D174D /* radio.png in Resources */,
				2229527813ECEFF7001D174D /* recipes.png in Resources */,
				2229528913ECF0E6001D174D /* catalog-nav~ipad.png in Resources */,
				2229528A13ECF0E6001D174D /* images-nav~ipad.png in Resources */,
				2229528B13ECF0E6001D174D /* news-nav~ipad.png in Resources */,
				2229528C13ECF0E6001D174D /* radio-nav~ipad.png in Resources */,
				2229528D13ECF0E6001D174D /* recipes-nav~ipad.png in Resources */,
				2229528E13ECF0E6001D174D /* catalog-nav~iphone.png in Resources */,
				2229528F13ECF0E6001D174D /* catalog-nav@2x~iphone.png in Resources */,
				2229529013ECF0E6001D174D /* images-nav~iphone.png in Resources */,
				2229529113ECF0E6001D174D /* images-nav@2x~iphone.png in Resources */,
				2229529213ECF0E6001D174D /* news-nav~iphone.png in Resources */,
				2229529313ECF0E6001D174D /* news-nav@2x~iphone.png in Resources */,
				2229529413ECF0E6001D174D /* radio-nav~iphone.png in Resources */,
				2229529513ECF0E6001D174D /* radio-nav@2x~iphone.png in Resources */,
				2229529613ECF0E6001D174D /* recipes-nav~iphone.png in Resources */,
				2229529713ECF0E6001D174D /* recipes-nav@2x~iphone.png in Resources */,
				222952B713ECFFE1001D174D /* catalogue-banner~iphone.png in Resources */,
				222952B813ECFFE1001D174D /* catalogue-banner~ipad.png in Resources */,
				222952B913ECFFE1001D174D /* radio-banner~iphone.png in Resources */,
				222952BA13ECFFE1001D174D /* radio-banner~ipad.png in Resources */,
				222952BB13ECFFE1001D174D /* harvest~ipad.png in Resources */,
				222952BC13ECFFE1001D174D /* harvest~iphone.png in Resources */,
				222952BD13ECFFE1001D174D /* newport-pylons~ipad.png in Resources */,
				222952BE13ECFFE1001D174D /* newport-pylons~iphone.png in Resources */,
				22CB4C1C13EEBC6C008968D6 /* WebsiteViewController.xib in Resources */,
				22CB4C2613EEBF74008968D6 /* Arrow-Left_greystate.png in Resources */,
				22CB4C2713EEBF74008968D6 /* Arrow-Right_greystate.png in Resources */,
				22CB4C2813EEBF74008968D6 /* Arrow-Right_greystate@2x.png in Resources */,
				22CB4C2913EEBF74008968D6 /* Arrow-Left_greystate@2x.png in Resources */,
				22CB4C2A13EEBF74008968D6 /* Arrow-Left@2x.png in Resources */,
				22CB4C2B13EEBF74008968D6 /* Arrow-Right@2x.png in Resources */,
				22CB4C2C13EEBF74008968D6 /* Arrow-Right.png in Resources */,
				22CB4C2D13EEBF74008968D6 /* Arrow-Left.png in Resources */,
				22CB4C4913EFE654008968D6 /* CatalogueItemViewController.xib in Resources */,
				22CB4C4D13EFE96F008968D6 /* blackbutton.png in Resources */,
				22CB4C4E13EFE96F008968D6 /* buyButtonGreen.png in Resources */,
				22CB4C6213F08E90008968D6 /* ipad.css in Resources */,
				22CB4C6313F08E90008968D6 /* mobile.css in Resources */,
				22CB4CBF13F12BDA008968D6 /* RadioViewController.xib in Resources */,
				224FBC2914076B9C00749E42 /* RadioItemViewController.xib in Resources */,
				224FBC361407FE3700749E42 /* RecipeCategoryViewController.xib in Resources */,
				224FBC7C1408C47200749E42 /* RecipeCategories.plist in Resources */,
				224FBC81140980B000749E42 /* RecipeBookViewController.xib in Resources */,
				224FBC941409988200749E42 /* ImageGalleryViewController.xib in Resources */,
				22675208140B4DDE00726FAE /* PhotoViewController.xib in Resources */,
				223545FA140F9340008940F4 /* MainWindow-iPad.xib in Resources */,
				22A3E4A2140FC6AF00CF2B0B /* Icon.png in Resources */,
				22A3E4A4140FC6BD00CF2B0B /* Icon@2x.png in Resources */,
				22A3E4A6140FC6CA00CF2B0B /* Icon-72.png in Resources */,
				223595DA140FE2C3004A08C8 /* RecipeItemViewController.xib in Resources */,
				227C563A1414918900169F38 /* placeholder.png in Resources */,
				227C5695141656DD00169F38 /* 16-play.png in Resources */,
				227C5696141656DD00169F38 /* 16-play@2x.png in Resources */,
				227C5697141656DD00169F38 /* 17-pause.png in Resources */,
				227C5698141656DD00169F38 /* 17-pause@2x.png in Resources */,
			);
			runOnlyForDeploymentPostprocessing = 0;
		};
/* End PBXResourcesBuildPhase section */

/* Begin PBXSourcesBuildPhase section */
		222951BE13EC496F001D174D /* Sources */ = {
			isa = PBXSourcesBuildPhase;
			buildActionMask = 2147483647;
			files = (
				222951D313EC496F001D174D /* main.m in Sources */,
				222951D713EC496F001D174D /* TouchAppAppDelegate.m in Sources */,
				222951F513EC4B5D001D174D /* CatalogueViewController.m in Sources */,
				2229524413ECEC0B001D174D /* NewsViewController.m in Sources */,
				22CB4B8913EDD641008968D6 /* AppManager.m in Sources */,
				22CB4BEF13EE417E008968D6 /* CXMLDocument_CreationExtensions.m in Sources */,
				22CB4BF013EE417E008968D6 /* CXMLNode_CreationExtensions.m in Sources */,
				22CB4BF113EE417E008968D6 /* CXHTMLDocument.m in Sources */,
				22CB4BF213EE417E008968D6 /* CXMLDocument_PrivateExtensions.m in Sources */,
				22CB4BF313EE417E008968D6 /* CXMLDocument.m in Sources */,
				22CB4BF413EE417E008968D6 /* CXMLElement_CreationExtensions.m in Sources */,
				22CB4BF513EE417E008968D6 /* CXMLElement_ElementTreeExtensions.m in Sources */,
				22CB4BF613EE417E008968D6 /* CXMLElement.m in Sources */,
				22CB4BF713EE417E008968D6 /* CXMLNamespaceNode.m in Sources */,
				22CB4BF813EE417E008968D6 /* CXMLNode_PrivateExtensions.m in Sources */,
				22CB4BF913EE417E008968D6 /* CXMLNode_XPathExtensions.m in Sources */,
				22CB4BFA13EE417E008968D6 /* CXMLNode.m in Sources */,
				22CB4BFB13EE417E008968D6 /* CTidy.m in Sources */,
				22CB4C0213EE493D008968D6 /* FeedItem.m in Sources */,
				22CB4C0313EE493D008968D6 /* FeedList.m in Sources */,
				22CB4C0B13EE4A41008968D6 /* UIApplication+TJMNetworkActivity.m in Sources */,
				22CB4C0E13EE4A57008968D6 /* TJM_UIImage.m in Sources */,
				22CB4C1613EE4CFA008968D6 /* NewsList.m in Sources */,
				22CB4C1713EE4CFA008968D6 /* NewsItem.m in Sources */,
				22CB4C1A13EEBC56008968D6 /* WebsiteViewController.m in Sources */,
				22CB4C3513EFC9CE008968D6 /* CatalogueItem.m in Sources */,
				22CB4C3813EFD80B008968D6 /* CatalogueList.m in Sources */,
				22CB4C3B13EFE2EB008968D6 /* TJMAudioCenter.m in Sources */,
				22CB4C4813EFE654008968D6 /* CatalogueItemViewController.m in Sources */,
				22CB4C7213F0966F008968D6 /* RadioItem.m in Sources */,
				22CB4CB813F1248E008968D6 /* RadioList.m in Sources */,
				22CB4CBE13F12BDA008968D6 /* RadioViewController.m in Sources */,
				22804A881407544B0083CE40 /* TJMImageResource.m in Sources */,
				22804A891407544B0083CE40 /* TJMImageResourceManager.m in Sources */,
				22804A8A1407544B0083CE40 /* TJMImageResourceView.m in Sources */,
				224FBC2714076B5E00749E42 /* RadioItemViewController.m in Sources */,
				224FBC2D1407F9DB00749E42 /* RecipeCategoryItem.m in Sources */,
				224FBC301407FCF400749E42 /* RecipeCategoryList.m in Sources */,
				224FBC351407FE3700749E42 /* RecipeCategoryViewController.m in Sources */,
				224FBC76140843B000749E42 /* RecipeItem.m in Sources */,
				224FBC7A1408C25600749E42 /* RecipeBookList.m in Sources */,
				224FBC80140980B000749E42 /* RecipeBookViewController.m in Sources */,
				224FBC851409947B00749E42 /* ImageItem.m in Sources */,
				224FBC881409957900749E42 /* ImageList.m in Sources */,
				224FBC8E1409977B00749E42 /* GTMNSString+URLArguments.m in Sources */,
				224FBC8F1409977B00749E42 /* GTMNSDictionary+URLArguments.m in Sources */,
				224FBC931409988200749E42 /* ImageGalleryViewController.m in Sources */,
				22675204140B4AFB00726FAE /* ImageScrollView.m in Sources */,
				22675205140B4AFB00726FAE /* PhotoViewController.m in Sources */,
				223595D9140FE2C3004A08C8 /* RecipeItemViewController.m in Sources */,
				227C569014163D9200169F38 /* TouchApplication.m in Sources */,
			);
			runOnlyForDeploymentPostprocessing = 0;
		};
/* End PBXSourcesBuildPhase section */

/* Begin PBXVariantGroup section */
		222951CF13EC496F001D174D /* InfoPlist.strings */ = {
			isa = PBXVariantGroup;
			children = (
				222951D013EC496F001D174D /* en */,
			);
			name = InfoPlist.strings;
			sourceTree = "<group>";
		};
		222951D813EC496F001D174D /* MainWindow.xib */ = {
			isa = PBXVariantGroup;
			children = (
				222951D913EC496F001D174D /* en */,
			);
			name = MainWindow.xib;
			sourceTree = "<group>";
		};
		223545F8140F9340008940F4 /* MainWindow-iPad.xib */ = {
			isa = PBXVariantGroup;
			children = (
				223545F9140F9340008940F4 /* en */,
			);
			name = "MainWindow-iPad.xib";
			sourceTree = "<group>";
		};
/* End PBXVariantGroup section */

/* Begin XCBuildConfiguration section */
		222951E713EC496F001D174D /* Debug */ = {
			isa = XCBuildConfiguration;
			buildSettings = {
				ALWAYS_SEARCH_USER_PATHS = NO;
				ARCHS = "$(ARCHS_STANDARD_32_BIT)";
				CODE_SIGN_IDENTITY = "iPhone Distribution: Michael Harding";
				"CODE_SIGN_IDENTITY[sdk=iphoneos*]" = "iPhone Distribution: Michael Harding";
				COPY_PHASE_STRIP = NO;
				GCC_C_LANGUAGE_STANDARD = gnu99;
				GCC_DYNAMIC_NO_PIC = NO;
				GCC_OPTIMIZATION_LEVEL = 0;
				GCC_PREPROCESSOR_DEFINITIONS = (
					"DEBUG=1",
					"$(inherited)",
				);
				GCC_SYMBOLS_PRIVATE_EXTERN = NO;
				GCC_VERSION = com.apple.compilers.llvmgcc42;
				GCC_WARN_ABOUT_MISSING_PROTOTYPES = YES;
				GCC_WARN_ABOUT_RETURN_TYPE = YES;
				GCC_WARN_UNUSED_VARIABLE = YES;
				IPHONEOS_DEPLOYMENT_TARGET = 4.3;
				PROVISIONING_PROFILE = "243D5518-C79D-4330-9E70-E3F8EB98AF68";
				"PROVISIONING_PROFILE[sdk=iphoneos*]" = "243D5518-C79D-4330-9E70-E3F8EB98AF68";
				SDKROOT = iphoneos;
			};
			name = Debug;
		};
		222951E813EC496F001D174D /* Release */ = {
			isa = XCBuildConfiguration;
			buildSettings = {
				ALWAYS_SEARCH_USER_PATHS = NO;
				ARCHS = "$(ARCHS_STANDARD_32_BIT)";
				CODE_SIGN_IDENTITY = "iPhone Distribution: Michael Harding";
				"CODE_SIGN_IDENTITY[sdk=iphoneos*]" = "iPhone Distribution: Michael Harding";
				COPY_PHASE_STRIP = YES;
				GCC_C_LANGUAGE_STANDARD = gnu99;
				GCC_VERSION = com.apple.compilers.llvmgcc42;
				GCC_WARN_ABOUT_MISSING_PROTOTYPES = YES;
				GCC_WARN_ABOUT_RETURN_TYPE = YES;
				GCC_WARN_UNUSED_VARIABLE = YES;
				IPHONEOS_DEPLOYMENT_TARGET = 4.3;
				OTHER_CFLAGS = "-DNS_BLOCK_ASSERTIONS=1";
				PROVISIONING_PROFILE = "243D5518-C79D-4330-9E70-E3F8EB98AF68";
				"PROVISIONING_PROFILE[sdk=iphoneos*]" = "243D5518-C79D-4330-9E70-E3F8EB98AF68";
				SDKROOT = iphoneos;
				VALIDATE_PRODUCT = YES;
			};
			name = Release;
		};
		222951EA13EC496F001D174D /* Debug */ = {
			isa = XCBuildConfiguration;
			buildSettings = {
				ALWAYS_SEARCH_USER_PATHS = YES;
				GCC_PRECOMPILE_PREFIX_HEADER = YES;
				GCC_PREFIX_HEADER = "TouchApp/TouchApp-Prefix.pch";
				HEADER_SEARCH_PATHS = /usr/include/libxml2;
				INFOPLIST_FILE = "TouchApp/TouchApp-Info.plist";
				IPHONEOS_DEPLOYMENT_TARGET = 4.3;
				OTHER_LDFLAGS = "-lxml2";
				PRODUCT_NAME = "$(TARGET_NAME)";
				TARGETED_DEVICE_FAMILY = "1,2";
				WRAPPER_EXTENSION = app;
			};
			name = Debug;
		};
		222951EB13EC496F001D174D /* Release */ = {
			isa = XCBuildConfiguration;
			buildSettings = {
				ALWAYS_SEARCH_USER_PATHS = YES;
				GCC_PRECOMPILE_PREFIX_HEADER = YES;
				GCC_PREFIX_HEADER = "TouchApp/TouchApp-Prefix.pch";
				HEADER_SEARCH_PATHS = /usr/include/libxml2;
				INFOPLIST_FILE = "TouchApp/TouchApp-Info.plist";
				IPHONEOS_DEPLOYMENT_TARGET = 4.3;
				OTHER_LDFLAGS = "-lxml2";
				PRODUCT_NAME = "$(TARGET_NAME)";
				TARGETED_DEVICE_FAMILY = "1,2";
				WRAPPER_EXTENSION = app;
			};
			name = Release;
		};
/* End XCBuildConfiguration section */

/* Begin XCConfigurationList section */
		222951BC13EC496F001D174D /* Build configuration list for PBXProject "TouchApp" */ = {
			isa = XCConfigurationList;
			buildConfigurations = (
				222951E713EC496F001D174D /* Debug */,
				222951E813EC496F001D174D /* Release */,
			);
			defaultConfigurationIsVisible = 0;
			defaultConfigurationName = Release;
		};
		222951E913EC496F001D174D /* Build configuration list for PBXNativeTarget "TouchApp" */ = {
			isa = XCConfigurationList;
			buildConfigurations = (
				222951EA13EC496F001D174D /* Debug */,
				222951EB13EC496F001D174D /* Release */,
			);
			defaultConfigurationIsVisible = 0;
			defaultConfigurationName = Release;
		};
/* End XCConfigurationList section */
	};
	rootObject = 222951B913EC496F001D174D /* Project object */;
}
